
Microsoft Visual Studio Solution File, Format Version 12.00
# Visual Studio Version 16
VisualStudioVersion = 16.0.809.0
MinimumVisualStudioVersion = 10.0.40219.1
Project("{FAE04EC0-301F-11D3-BF4B-00C04F79EFBC}") = "armyplanner.Android", "..\Common\armyplanner.Android\armyplanner.Android.csproj", "{86AA7E07-9FB3-46D8-8A4C-1BFFFCFBE889}"
EndProject
Project("{FAE04EC0-301F-11D3-BF4B-00C04F79EFBC}") = "armyplanner.iOS", "..\Common\armyplanner.iOS\armyplanner.iOS.csproj", "{8C8A6B03-B67A-453D-8D59-FF8BA9743F30}"
EndProject
Project("{9A19103F-16F7-4668-BE54-9A1E7A4F7556}") = "armyplanner", "..\Common\armyplanner\armyplanner.csproj", "{70C5B0E3-5AAE-47DD-BDF0-23908ACE01E9}"
EndProject
Project("{9A19103F-16F7-4668-BE54-9A1E7A4F7556}") = "armyplanner.Core", "..\Common\armyplanner.Core\armyplanner.Core.csproj", "{416328F5-1772-4DE0-823D-5AEB809212F5}"
EndProject
Project("{FAE04EC0-301F-11D3-BF4B-00C04F79EFBC}") = "armyplanner.UWP", "..\Common\armyplanner.UWP\armyplanner.UWP.csproj", "{FC4074EE-A4D6-4AC7-B959-BD1F1BEB5C8D}"
EndProject
Project("{FAE04EC0-301F-11D3-BF4B-00C04F79EFBC}") = "armyplanner.macOS", "..\Common\armyplanner.macOS\armyplanner.macOS.csproj", "{DB485F9C-C9BB-4E6B-BC24-F4E4906283AA}"
EndProject
Project("{9A19103F-16F7-4668-BE54-9A1E7A4F7556}") = "armyplanner.Core.Test", "..\Common\armyplanner.Core.Test\armyplanner.Core.Test.csproj", "{18168197-F07B-475C-8DEA-0E24BC37232C}"
EndProject
Global
	GlobalSection(SolutionConfigurationPlatforms) = preSolution
		Debug|Any CPU = Debug|Any CPU
		Debug|ARM = Debug|ARM
		Debug|ARM64 = Debug|ARM64
		Debug|iPhone = Debug|iPhone
		Debug|iPhoneSimulator = Debug|iPhoneSimulator
		Debug|x64 = Debug|x64
		Debug|x86 = Debug|x86
		Release|Any CPU = Release|Any CPU
		Release|ARM = Release|ARM
		Release|ARM64 = Release|ARM64
		Release|iPhone = Release|iPhone
		Release|iPhoneSimulator = Release|iPhoneSimulator
		Release|x64 = Release|x64
		Release|x86 = Release|x86
	EndGlobalSection
	GlobalSection(ProjectConfigurationPlatforms) = postSolution
		{86AA7E07-9FB3-46D8-8A4C-1BFFFCFBE889}.Debug|Any CPU.ActiveCfg = Debug|Any CPU
		{86AA7E07-9FB3-46D8-8A4C-1BFFFCFBE889}.Debug|Any CPU.Build.0 = Debug|Any CPU
		{86AA7E07-9FB3-46D8-8A4C-1BFFFCFBE889}.Debug|Any CPU.Deploy.0 = Debug|Any CPU
		{86AA7E07-9FB3-46D8-8A4C-1BFFFCFBE889}.Debug|ARM.ActiveCfg = Debug|Any CPU
		{86AA7E07-9FB3-46D8-8A4C-1BFFFCFBE889}.Debug|ARM.Build.0 = Debug|Any CPU
		{86AA7E07-9FB3-46D8-8A4C-1BFFFCFBE889}.Debug|ARM.Deploy.0 = Debug|Any CPU
		{86AA7E07-9FB3-46D8-8A4C-1BFFFCFBE889}.Debug|ARM64.ActiveCfg = Debug|Any CPU
		{86AA7E07-9FB3-46D8-8A4C-1BFFFCFBE889}.Debug|ARM64.Build.0 = Debug|Any CPU
		{86AA7E07-9FB3-46D8-8A4C-1BFFFCFBE889}.Debug|ARM64.Deploy.0 = Debug|Any CPU
		{86AA7E07-9FB3-46D8-8A4C-1BFFFCFBE889}.Debug|iPhone.ActiveCfg = Debug|Any CPU
		{86AA7E07-9FB3-46D8-8A4C-1BFFFCFBE889}.Debug|iPhone.Build.0 = Debug|Any CPU
		{86AA7E07-9FB3-46D8-8A4C-1BFFFCFBE889}.Debug|iPhoneSimulator.ActiveCfg = Debug|Any CPU
		{86AA7E07-9FB3-46D8-8A4C-1BFFFCFBE889}.Debug|iPhoneSimulator.Build.0 = Debug|Any CPU
		{86AA7E07-9FB3-46D8-8A4C-1BFFFCFBE889}.Debug|x64.ActiveCfg = Debug|Any CPU
		{86AA7E07-9FB3-46D8-8A4C-1BFFFCFBE889}.Debug|x64.Build.0 = Debug|Any CPU
		{86AA7E07-9FB3-46D8-8A4C-1BFFFCFBE889}.Debug|x64.Deploy.0 = Debug|Any CPU
		{86AA7E07-9FB3-46D8-8A4C-1BFFFCFBE889}.Debug|x86.ActiveCfg = Debug|Any CPU
		{86AA7E07-9FB3-46D8-8A4C-1BFFFCFBE889}.Debug|x86.Build.0 = Debug|Any CPU
		{86AA7E07-9FB3-46D8-8A4C-1BFFFCFBE889}.Debug|x86.Deploy.0 = Debug|Any CPU
		{86AA7E07-9FB3-46D8-8A4C-1BFFFCFBE889}.Release|Any CPU.ActiveCfg = Release|Any CPU
		{86AA7E07-9FB3-46D8-8A4C-1BFFFCFBE889}.Release|Any CPU.Build.0 = Release|Any CPU
		{86AA7E07-9FB3-46D8-8A4C-1BFFFCFBE889}.Release|Any CPU.Deploy.0 = Release|Any CPU
		{86AA7E07-9FB3-46D8-8A4C-1BFFFCFBE889}.Release|ARM.ActiveCfg = Release|Any CPU
		{86AA7E07-9FB3-46D8-8A4C-1BFFFCFBE889}.Release|ARM.Build.0 = Release|Any CPU
		{86AA7E07-9FB3-46D8-8A4C-1BFFFCFBE889}.Release|ARM.Deploy.0 = Release|Any CPU
		{86AA7E07-9FB3-46D8-8A4C-1BFFFCFBE889}.Release|ARM64.ActiveCfg = Release|Any CPU
		{86AA7E07-9FB3-46D8-8A4C-1BFFFCFBE889}.Release|ARM64.Build.0 = Release|Any CPU
		{86AA7E07-9FB3-46D8-8A4C-1BFFFCFBE889}.Release|ARM64.Deploy.0 = Release|Any CPU
		{86AA7E07-9FB3-46D8-8A4C-1BFFFCFBE889}.Release|iPhone.ActiveCfg = Release|Any CPU
		{86AA7E07-9FB3-46D8-8A4C-1BFFFCFBE889}.Release|iPhone.Build.0 = Release|Any CPU
		{86AA7E07-9FB3-46D8-8A4C-1BFFFCFBE889}.Release|iPhoneSimulator.ActiveCfg = Release|Any CPU
		{86AA7E07-9FB3-46D8-8A4C-1BFFFCFBE889}.Release|iPhoneSimulator.Build.0 = Release|Any CPU
		{86AA7E07-9FB3-46D8-8A4C-1BFFFCFBE889}.Release|x64.ActiveCfg = Release|Any CPU
		{86AA7E07-9FB3-46D8-8A4C-1BFFFCFBE889}.Release|x64.Build.0 = Release|Any CPU
		{86AA7E07-9FB3-46D8-8A4C-1BFFFCFBE889}.Release|x64.Deploy.0 = Release|Any CPU
		{86AA7E07-9FB3-46D8-8A4C-1BFFFCFBE889}.Release|x86.ActiveCfg = Release|Any CPU
		{86AA7E07-9FB3-46D8-8A4C-1BFFFCFBE889}.Release|x86.Build.0 = Release|Any CPU
		{86AA7E07-9FB3-46D8-8A4C-1BFFFCFBE889}.Release|x86.Deploy.0 = Release|Any CPU
		{8C8A6B03-B67A-453D-8D59-FF8BA9743F30}.Debug|Any CPU.ActiveCfg = Debug|iPhoneSimulator
		{8C8A6B03-B67A-453D-8D59-FF8BA9743F30}.Debug|Any CPU.Build.0 = Debug|iPhoneSimulator
		{8C8A6B03-B67A-453D-8D59-FF8BA9743F30}.Debug|ARM.ActiveCfg = Debug|iPhone
		{8C8A6B03-B67A-453D-8D59-FF8BA9743F30}.Debug|ARM64.ActiveCfg = Debug|iPhone
		{8C8A6B03-B67A-453D-8D59-FF8BA9743F30}.Debug|iPhone.ActiveCfg = Debug|iPhone
		{8C8A6B03-B67A-453D-8D59-FF8BA9743F30}.Debug|iPhone.Build.0 = Debug|iPhone
		{8C8A6B03-B67A-453D-8D59-FF8BA9743F30}.Debug|iPhoneSimulator.ActiveCfg = Debug|iPhoneSimulator
		{8C8A6B03-B67A-453D-8D59-FF8BA9743F30}.Debug|iPhoneSimulator.Build.0 = Debug|iPhoneSimulator
		{8C8A6B03-B67A-453D-8D59-FF8BA9743F30}.Debug|x64.ActiveCfg = Debug|iPhone
		{8C8A6B03-B67A-453D-8D59-FF8BA9743F30}.Debug|x86.ActiveCfg = Debug|iPhone
		{8C8A6B03-B67A-453D-8D59-FF8BA9743F30}.Release|Any CPU.ActiveCfg = Release|iPhoneSimulator
		{8C8A6B03-B67A-453D-8D59-FF8BA9743F30}.Release|Any CPU.Build.0 = Release|iPhoneSimulator
		{8C8A6B03-B67A-453D-8D59-FF8BA9743F30}.Release|ARM.ActiveCfg = Release|iPhone
		{8C8A6B03-B67A-453D-8D59-FF8BA9743F30}.Release|ARM64.ActiveCfg = Release|iPhone
		{8C8A6B03-B67A-453D-8D59-FF8BA9743F30}.Release|iPhone.ActiveCfg = Release|iPhone
		{8C8A6B03-B67A-453D-8D59-FF8BA9743F30}.Release|iPhone.Build.0 = Release|iPhone
		{8C8A6B03-B67A-453D-8D59-FF8BA9743F30}.Release|iPhoneSimulator.ActiveCfg = Release|iPhoneSimulator
		{8C8A6B03-B67A-453D-8D59-FF8BA9743F30}.Release|iPhoneSimulator.Build.0 = Release|iPhoneSimulator
		{8C8A6B03-B67A-453D-8D59-FF8BA9743F30}.Release|x64.ActiveCfg = Release|iPhone
		{8C8A6B03-B67A-453D-8D59-FF8BA9743F30}.Release|x86.ActiveCfg = Release|iPhone
		{70C5B0E3-5AAE-47DD-BDF0-23908ACE01E9}.Debug|Any CPU.ActiveCfg = Debug|Any CPU
		{70C5B0E3-5AAE-47DD-BDF0-23908ACE01E9}.Debug|Any CPU.Build.0 = Debug|Any CPU
		{70C5B0E3-5AAE-47DD-BDF0-23908ACE01E9}.Debug|ARM.ActiveCfg = Debug|Any CPU
		{70C5B0E3-5AAE-47DD-BDF0-23908ACE01E9}.Debug|ARM.Build.0 = Debug|Any CPU
		{70C5B0E3-5AAE-47DD-BDF0-23908ACE01E9}.Debug|ARM64.ActiveCfg = Debug|Any CPU
		{70C5B0E3-5AAE-47DD-BDF0-23908ACE01E9}.Debug|ARM64.Build.0 = Debug|Any CPU
		{70C5B0E3-5AAE-47DD-BDF0-23908ACE01E9}.Debug|iPhone.ActiveCfg = Debug|Any CPU
		{70C5B0E3-5AAE-47DD-BDF0-23908ACE01E9}.Debug|iPhone.Build.0 = Debug|Any CPU
		{70C5B0E3-5AAE-47DD-BDF0-23908ACE01E9}.Debug|iPhoneSimulator.ActiveCfg = Debug|Any CPU
		{70C5B0E3-5AAE-47DD-BDF0-23908ACE01E9}.Debug|iPhoneSimulator.Build.0 = Debug|Any CPU
		{70C5B0E3-5AAE-47DD-BDF0-23908ACE01E9}.Debug|x64.ActiveCfg = Debug|Any CPU
		{70C5B0E3-5AAE-47DD-BDF0-23908ACE01E9}.Debug|x64.Build.0 = Debug|Any CPU
		{70C5B0E3-5AAE-47DD-BDF0-23908ACE01E9}.Debug|x86.ActiveCfg = Debug|Any CPU
		{70C5B0E3-5AAE-47DD-BDF0-23908ACE01E9}.Debug|x86.Build.0 = Debug|Any CPU
		{70C5B0E3-5AAE-47DD-BDF0-23908ACE01E9}.Release|Any CPU.ActiveCfg = Release|Any CPU
		{70C5B0E3-5AAE-47DD-BDF0-23908ACE01E9}.Release|Any CPU.Build.0 = Release|Any CPU
		{70C5B0E3-5AAE-47DD-BDF0-23908ACE01E9}.Release|ARM.ActiveCfg = Release|Any CPU
		{70C5B0E3-5AAE-47DD-BDF0-23908ACE01E9}.Release|ARM.Build.0 = Release|Any CPU
		{70C5B0E3-5AAE-47DD-BDF0-23908ACE01E9}.Release|ARM64.ActiveCfg = Release|Any CPU
		{70C5B0E3-5AAE-47DD-BDF0-23908ACE01E9}.Release|ARM64.Build.0 = Release|Any CPU
		{70C5B0E3-5AAE-47DD-BDF0-23908ACE01E9}.Release|iPhone.ActiveCfg = Release|Any CPU
		{70C5B0E3-5AAE-47DD-BDF0-23908ACE01E9}.Release|iPhone.Build.0 = Release|Any CPU
		{70C5B0E3-5AAE-47DD-BDF0-23908ACE01E9}.Release|iPhoneSimulator.ActiveCfg = Release|Any CPU
		{70C5B0E3-5AAE-47DD-BDF0-23908ACE01E9}.Release|iPhoneSimulator.Build.0 = Release|Any CPU
		{70C5B0E3-5AAE-47DD-BDF0-23908ACE01E9}.Release|x64.ActiveCfg = Release|Any CPU
		{70C5B0E3-5AAE-47DD-BDF0-23908ACE01E9}.Release|x64.Build.0 = Release|Any CPU
		{70C5B0E3-5AAE-47DD-BDF0-23908ACE01E9}.Release|x86.ActiveCfg = Release|Any CPU
		{70C5B0E3-5AAE-47DD-BDF0-23908ACE01E9}.Release|x86.Build.0 = Release|Any CPU
		{416328F5-1772-4DE0-823D-5AEB809212F5}.Debug|Any CPU.ActiveCfg = Debug|Any CPU
		{416328F5-1772-4DE0-823D-5AEB809212F5}.Debug|Any CPU.Build.0 = Debug|Any CPU
		{416328F5-1772-4DE0-823D-5AEB809212F5}.Debug|ARM.ActiveCfg = Debug|Any CPU
		{416328F5-1772-4DE0-823D-5AEB809212F5}.Debug|ARM.Build.0 = Debug|Any CPU
		{416328F5-1772-4DE0-823D-5AEB809212F5}.Debug|ARM64.ActiveCfg = Debug|Any CPU
		{416328F5-1772-4DE0-823D-5AEB809212F5}.Debug|ARM64.Build.0 = Debug|Any CPU
		{416328F5-1772-4DE0-823D-5AEB809212F5}.Debug|iPhone.ActiveCfg = Debug|Any CPU
		{416328F5-1772-4DE0-823D-5AEB809212F5}.Debug|iPhone.Build.0 = Debug|Any CPU
		{416328F5-1772-4DE0-823D-5AEB809212F5}.Debug|iPhoneSimulator.ActiveCfg = Debug|Any CPU
		{416328F5-1772-4DE0-823D-5AEB809212F5}.Debug|iPhoneSimulator.Build.0 = Debug|Any CPU
		{416328F5-1772-4DE0-823D-5AEB809212F5}.Debug|x64.ActiveCfg = Debug|Any CPU
		{416328F5-1772-4DE0-823D-5AEB809212F5}.Debug|x64.Build.0 = Debug|Any CPU
		{416328F5-1772-4DE0-823D-5AEB809212F5}.Debug|x86.ActiveCfg = Debug|Any CPU
		{416328F5-1772-4DE0-823D-5AEB809212F5}.Debug|x86.Build.0 = Debug|Any CPU
		{416328F5-1772-4DE0-823D-5AEB809212F5}.Release|Any CPU.ActiveCfg = Release|Any CPU
		{416328F5-1772-4DE0-823D-5AEB809212F5}.Release|Any CPU.Build.0 = Release|Any CPU
		{416328F5-1772-4DE0-823D-5AEB809212F5}.Release|ARM.ActiveCfg = Release|Any CPU
		{416328F5-1772-4DE0-823D-5AEB809212F5}.Release|ARM.Build.0 = Release|Any CPU
		{416328F5-1772-4DE0-823D-5AEB809212F5}.Release|ARM64.ActiveCfg = Release|Any CPU
		{416328F5-1772-4DE0-823D-5AEB809212F5}.Release|ARM64.Build.0 = Release|Any CPU
		{416328F5-1772-4DE0-823D-5AEB809212F5}.Release|iPhone.ActiveCfg = Release|Any CPU
		{416328F5-1772-4DE0-823D-5AEB809212F5}.Release|iPhone.Build.0 = Release|Any CPU
		{416328F5-1772-4DE0-823D-5AEB809212F5}.Release|iPhoneSimulator.ActiveCfg = Release|Any CPU
		{416328F5-1772-4DE0-823D-5AEB809212F5}.Release|iPhoneSimulator.Build.0 = Release|Any CPU
		{416328F5-1772-4DE0-823D-5AEB809212F5}.Release|x64.ActiveCfg = Release|Any CPU
		{416328F5-1772-4DE0-823D-5AEB809212F5}.Release|x64.Build.0 = Release|Any CPU
		{416328F5-1772-4DE0-823D-5AEB809212F5}.Release|x86.ActiveCfg = Release|Any CPU
		{416328F5-1772-4DE0-823D-5AEB809212F5}.Release|x86.Build.0 = Release|Any CPU
		{FC4074EE-A4D6-4AC7-B959-BD1F1BEB5C8D}.Debug|Any CPU.ActiveCfg = Debug|x86
		{FC4074EE-A4D6-4AC7-B959-BD1F1BEB5C8D}.Debug|Any CPU.Build.0 = Debug|x86
		{FC4074EE-A4D6-4AC7-B959-BD1F1BEB5C8D}.Debug|Any CPU.Deploy.0 = Debug|x86
		{FC4074EE-A4D6-4AC7-B959-BD1F1BEB5C8D}.Debug|ARM.ActiveCfg = Debug|ARM
		{FC4074EE-A4D6-4AC7-B959-BD1F1BEB5C8D}.Debug|ARM.Build.0 = Debug|ARM
		{FC4074EE-A4D6-4AC7-B959-BD1F1BEB5C8D}.Debug|ARM.Deploy.0 = Debug|ARM
		{FC4074EE-A4D6-4AC7-B959-BD1F1BEB5C8D}.Debug|ARM64.ActiveCfg = Debug|ARM64
		{FC4074EE-A4D6-4AC7-B959-BD1F1BEB5C8D}.Debug|ARM64.Build.0 = Debug|ARM64
		{FC4074EE-A4D6-4AC7-B959-BD1F1BEB5C8D}.Debug|ARM64.Deploy.0 = Debug|ARM64
		{FC4074EE-A4D6-4AC7-B959-BD1F1BEB5C8D}.Debug|iPhone.ActiveCfg = Debug|x86
		{FC4074EE-A4D6-4AC7-B959-BD1F1BEB5C8D}.Debug|iPhoneSimulator.ActiveCfg = Debug|x86
		{FC4074EE-A4D6-4AC7-B959-BD1F1BEB5C8D}.Debug|x64.ActiveCfg = Debug|x64
		{FC4074EE-A4D6-4AC7-B959-BD1F1BEB5C8D}.Debug|x64.Build.0 = Debug|x64
		{FC4074EE-A4D6-4AC7-B959-BD1F1BEB5C8D}.Debug|x64.Deploy.0 = Debug|x64
		{FC4074EE-A4D6-4AC7-B959-BD1F1BEB5C8D}.Debug|x86.ActiveCfg = Debug|x86
		{FC4074EE-A4D6-4AC7-B959-BD1F1BEB5C8D}.Debug|x86.Build.0 = Debug|x86
		{FC4074EE-A4D6-4AC7-B959-BD1F1BEB5C8D}.Debug|x86.Deploy.0 = Debug|x86
		{FC4074EE-A4D6-4AC7-B959-BD1F1BEB5C8D}.Release|Any CPU.ActiveCfg = Release|x86
		{FC4074EE-A4D6-4AC7-B959-BD1F1BEB5C8D}.Release|ARM.ActiveCfg = Release|ARM
		{FC4074EE-A4D6-4AC7-B959-BD1F1BEB5C8D}.Release|ARM.Build.0 = Release|ARM
		{FC4074EE-A4D6-4AC7-B959-BD1F1BEB5C8D}.Release|ARM.Deploy.0 = Release|ARM
		{FC4074EE-A4D6-4AC7-B959-BD1F1BEB5C8D}.Release|ARM64.ActiveCfg = Release|ARM64
		{FC4074EE-A4D6-4AC7-B959-BD1F1BEB5C8D}.Release|ARM64.Build.0 = Release|ARM64
		{FC4074EE-A4D6-4AC7-B959-BD1F1BEB5C8D}.Release|ARM64.Deploy.0 = Release|ARM64
		{FC4074EE-A4D6-4AC7-B959-BD1F1BEB5C8D}.Release|iPhone.ActiveCfg = Release|x86
		{FC4074EE-A4D6-4AC7-B959-BD1F1BEB5C8D}.Release|iPhoneSimulator.ActiveCfg = Release|x86
		{FC4074EE-A4D6-4AC7-B959-BD1F1BEB5C8D}.Release|x64.ActiveCfg = Release|x64
		{FC4074EE-A4D6-4AC7-B959-BD1F1BEB5C8D}.Release|x64.Build.0 = Release|x64
		{FC4074EE-A4D6-4AC7-B959-BD1F1BEB5C8D}.Release|x64.Deploy.0 = Release|x64
		{FC4074EE-A4D6-4AC7-B959-BD1F1BEB5C8D}.Release|x86.ActiveCfg = Release|x86
		{FC4074EE-A4D6-4AC7-B959-BD1F1BEB5C8D}.Release|x86.Build.0 = Release|x86
		{FC4074EE-A4D6-4AC7-B959-BD1F1BEB5C8D}.Release|x86.Deploy.0 = Release|x86
		{DB485F9C-C9BB-4E6B-BC24-F4E4906283AA}.Debug|Any CPU.ActiveCfg = Debug|Any CPU
		{DB485F9C-C9BB-4E6B-BC24-F4E4906283AA}.Debug|Any CPU.Build.0 = Debug|Any CPU
		{DB485F9C-C9BB-4E6B-BC24-F4E4906283AA}.Debug|ARM.ActiveCfg = Debug|Any CPU
		{DB485F9C-C9BB-4E6B-BC24-F4E4906283AA}.Debug|ARM.Build.0 = Debug|Any CPU
		{DB485F9C-C9BB-4E6B-BC24-F4E4906283AA}.Debug|ARM64.ActiveCfg = Debug|Any CPU
		{DB485F9C-C9BB-4E6B-BC24-F4E4906283AA}.Debug|ARM64.Build.0 = Debug|Any CPU
		{DB485F9C-C9BB-4E6B-BC24-F4E4906283AA}.Debug|iPhone.ActiveCfg = Debug|Any CPU
		{DB485F9C-C9BB-4E6B-BC24-F4E4906283AA}.Debug|iPhone.Build.0 = Debug|Any CPU
		{DB485F9C-C9BB-4E6B-BC24-F4E4906283AA}.Debug|iPhoneSimulator.ActiveCfg = Debug|Any CPU
		{DB485F9C-C9BB-4E6B-BC24-F4E4906283AA}.Debug|iPhoneSimulator.Build.0 = Debug|Any CPU
		{DB485F9C-C9BB-4E6B-BC24-F4E4906283AA}.Debug|x64.ActiveCfg = Debug|Any CPU
		{DB485F9C-C9BB-4E6B-BC24-F4E4906283AA}.Debug|x64.Build.0 = Debug|Any CPU
		{DB485F9C-C9BB-4E6B-BC24-F4E4906283AA}.Debug|x86.ActiveCfg = Debug|Any CPU
		{DB485F9C-C9BB-4E6B-BC24-F4E4906283AA}.Debug|x86.Build.0 = Debug|Any CPU
		{DB485F9C-C9BB-4E6B-BC24-F4E4906283AA}.Release|Any CPU.ActiveCfg = Release|Any CPU
		{DB485F9C-C9BB-4E6B-BC24-F4E4906283AA}.Release|Any CPU.Build.0 = Release|Any CPU
		{DB485F9C-C9BB-4E6B-BC24-F4E4906283AA}.Release|ARM.ActiveCfg = Release|Any CPU
		{DB485F9C-C9BB-4E6B-BC24-F4E4906283AA}.Release|ARM.Build.0 = Release|Any CPU
		{DB485F9C-C9BB-4E6B-BC24-F4E4906283AA}.Release|ARM64.ActiveCfg = Release|Any CPU
		{DB485F9C-C9BB-4E6B-BC24-F4E4906283AA}.Release|ARM64.Build.0 = Release|Any CPU
		{DB485F9C-C9BB-4E6B-BC24-F4E4906283AA}.Release|iPhone.ActiveCfg = Release|Any CPU
		{DB485F9C-C9BB-4E6B-BC24-F4E4906283AA}.Release|iPhone.Build.0 = Release|Any CPU
		{DB485F9C-C9BB-4E6B-BC24-F4E4906283AA}.Release|iPhoneSimulator.ActiveCfg = Release|Any CPU
		{DB485F9C-C9BB-4E6B-BC24-F4E4906283AA}.Release|iPhoneSimulator.Build.0 = Release|Any CPU
		{DB485F9C-C9BB-4E6B-BC24-F4E4906283AA}.Release|x64.ActiveCfg = Release|Any CPU
		{DB485F9C-C9BB-4E6B-BC24-F4E4906283AA}.Release|x64.Build.0 = Release|Any CPU
		{DB485F9C-C9BB-4E6B-BC24-F4E4906283AA}.Release|x86.ActiveCfg = Release|Any CPU
		{DB485F9C-C9BB-4E6B-BC24-F4E4906283AA}.Release|x86.Build.0 = Release|Any CPU
		{18168197-F07B-475C-8DEA-0E24BC37232C}.Debug|Any CPU.ActiveCfg = Debug|Any CPU
		{18168197-F07B-475C-8DEA-0E24BC37232C}.Debug|Any CPU.Build.0 = Debug|Any CPU
		{18168197-F07B-475C-8DEA-0E24BC37232C}.Debug|ARM.ActiveCfg = Debug|Any CPU
		{18168197-F07B-475C-8DEA-0E24BC37232C}.Debug|ARM.Build.0 = Debug|Any CPU
		{18168197-F07B-475C-8DEA-0E24BC37232C}.Debug|ARM64.ActiveCfg = Debug|Any CPU
		{18168197-F07B-475C-8DEA-0E24BC37232C}.Debug|ARM64.Build.0 = Debug|Any CPU
		{18168197-F07B-475C-8DEA-0E24BC37232C}.Debug|iPhone.ActiveCfg = Debug|Any CPU
		{18168197-F07B-475C-8DEA-0E24BC37232C}.Debug|iPhone.Build.0 = Debug|Any CPU
		{18168197-F07B-475C-8DEA-0E24BC37232C}.Debug|iPhoneSimulator.ActiveCfg = Debug|Any CPU
		{18168197-F07B-475C-8DEA-0E24BC37232C}.Debug|iPhoneSimulator.Build.0 = Debug|Any CPU
		{18168197-F07B-475C-8DEA-0E24BC37232C}.Debug|x64.ActiveCfg = Debug|Any CPU
		{18168197-F07B-475C-8DEA-0E24BC37232C}.Debug|x64.Build.0 = Debug|Any CPU
		{18168197-F07B-475C-8DEA-0E24BC37232C}.Debug|x86.ActiveCfg = Debug|Any CPU
		{18168197-F07B-475C-8DEA-0E24BC37232C}.Debug|x86.Build.0 = Debug|Any CPU
		{18168197-F07B-475C-8DEA-0E24BC37232C}.Release|Any CPU.ActiveCfg = Release|Any CPU
		{18168197-F07B-475C-8DEA-0E24BC37232C}.Release|Any CPU.Build.0 = Release|Any CPU
		{18168197-F07B-475C-8DEA-0E24BC37232C}.Release|ARM.ActiveCfg = Release|Any CPU
		{18168197-F07B-475C-8DEA-0E24BC37232C}.Release|ARM.Build.0 = Release|Any CPU
		{18168197-F07B-475C-8DEA-0E24BC37232C}.Release|ARM64.ActiveCfg = Release|Any CPU
		{18168197-F07B-475C-8DEA-0E24BC37232C}.Release|ARM64.Build.0 = Release|Any CPU
		{18168197-F07B-475C-8DEA-0E24BC37232C}.Release|iPhone.ActiveCfg = Release|Any CPU
		{18168197-F07B-475C-8DEA-0E24BC37232C}.Release|iPhone.Build.0 = Release|Any CPU
		{18168197-F07B-475C-8DEA-0E24BC37232C}.Release|iPhoneSimulator.ActiveCfg = Release|Any CPU
		{18168197-F07B-475C-8DEA-0E24BC37232C}.Release|iPhoneSimulator.Build.0 = Release|Any CPU
		{18168197-F07B-475C-8DEA-0E24BC37232C}.Release|x64.ActiveCfg = Release|Any CPU
		{18168197-F07B-475C-8DEA-0E24BC37232C}.Release|x64.Build.0 = Release|Any CPU
		{18168197-F07B-475C-8DEA-0E24BC37232C}.Release|x86.ActiveCfg = Release|Any CPU
		{18168197-F07B-475C-8DEA-0E24BC37232C}.Release|x86.Build.0 = Release|Any CPU
	EndGlobalSection
	GlobalSection(SolutionProperties) = preSolution
		HideSolutionNode = FALSE
	EndGlobalSection
	GlobalSection(ExtensibilityGlobals) = postSolution
		SolutionGuid = {AED8C04F-7F3A-4F59-B13F-9BB2624F04AB}
	EndGlobalSection
	GlobalSection(MonoDevelopProperties) = preSolution
		Policies = $0
		$0.DotNetNamingPolicy = $1
		$1.DirectoryNamespaceAssociation = PrefixedHierarchical
		$0.StandardHeader = $2
		$0.VersionControlPolicy = $3
	EndGlobalSection
EndGlobal
