
Microsoft Visual Studio Solution File, Format Version 12.00
# Visual Studio Version 16
VisualStudioVersion = 16.0.31321.278
MinimumVisualStudioVersion = 10.0.40219.1
Project("{D954291E-2A0B-460D-934E-DC6B0785DB48}") = "ArmyPlanner.Shared", "..\Common\ArmyPlanner.Shared\ArmyPlanner.Shared.shproj", "{6279C845-92F8-4333-AB99-3D213163593C}"
EndProject
Project("{2150E333-8FDC-42A3-9474-1A3956D46DE8}") = "Platforms", "Platforms", "{1C7120D4-8B6C-49C1-BD3A-03D64D99B527}"
EndProject
Project("{FAE04EC0-301F-11D3-BF4B-00C04F79EFBC}") = "ArmyPlanner.Droid", "..\Common\ArmyPlanner.Droid\ArmyPlanner.Droid.csproj", "{0BA70550-AEB3-46E0-9550-CA99D2E3DE32}"
EndProject
Project("{FAE04EC0-301F-11D3-BF4B-00C04F79EFBC}") = "ArmyPlanner.iOS", "..\Common\ArmyPlanner.iOS\ArmyPlanner.iOS.csproj", "{09073DF8-87BF-47F9-8230-98387379BB87}"
EndProject
Project("{FAE04EC0-301F-11D3-BF4B-00C04F79EFBC}") = "ArmyPlanner.UWP", "..\Common\ArmyPlanner.UWP\ArmyPlanner.UWP.csproj", "{EC9FAF21-319A-48E4-A147-BF8C405CF7D6}"
EndProject
Project("{9A19103F-16F7-4668-BE54-9A1E7A4F7556}") = "ArmyPlanner.Wasm", "..\Common\ArmyPlanner.Wasm\ArmyPlanner.Wasm.csproj", "{182FA1EA-6C82-472E-8552-727CA5B2117E}"
EndProject
Project("{FAE04EC0-301F-11D3-BF4B-00C04F79EFBC}") = "ArmyPlanner.macOS", "..\Common\ArmyPlanner.macOS\ArmyPlanner.macOS.csproj", "{80DFF7FA-5725-4010-8882-467924EE4E3F}"
EndProject
Project("{9A19103F-16F7-4668-BE54-9A1E7A4F7556}") = "ArmyPlanner.Skia.Wpf.Host", "..\Common\ArmyPlanner.Skia.Wpf.Host\ArmyPlanner.Skia.Wpf.Host.csproj", "{1D7636D1-EACB-4945-83D0-D6B365706963}"
EndProject
Project("{9A19103F-16F7-4668-BE54-9A1E7A4F7556}") = "ArmyPlanner.Skia.Wpf", "..\Common\ArmyPlanner.Skia.Wpf\ArmyPlanner.Skia.Wpf.csproj", "{5A6ED98F-9AC8-40D4-8125-26F9BE411EA6}"
EndProject
Project("{9A19103F-16F7-4668-BE54-9A1E7A4F7556}") = "ArmyPlanner.Skia.Gtk", "..\Common\ArmyPlanner.Skia.Gtk\ArmyPlanner.Skia.Gtk.csproj", "{62569B50-8A5F-4ACB-9638-D8012578BD8F}"
EndProject
Project("{9A19103F-16F7-4668-BE54-9A1E7A4F7556}") = "ArmyPlanner.Skia.Tizen", "..\Common\ArmyPlanner.Skia.Tizen\ArmyPlanner.Skia.Tizen.csproj", "{AD2867E8-2286-436B-AAAA-D8D7A188B2A5}"
EndProject
Project("{FAE04EC0-301F-11D3-BF4B-00C04F79EFBC}") = "ArmyPlanner.Core", "..\Common\ArmyPlanner.Core\ArmyPlanner.Core.csproj", "{E33E5DAE-5B77-4A51-BB8F-1A9888BD3145}"
EndProject
Global
	GlobalSection(SharedMSBuildProjectFiles) = preSolution
		..\Common\ArmyPlanner.Shared\ArmyPlanner.Shared.projitems*{09073df8-87bf-47f9-8230-98387379bb87}*SharedItemsImports = 4
		..\Common\ArmyPlanner.Shared\ArmyPlanner.Shared.projitems*{0ba70550-aeb3-46e0-9550-ca99d2e3de32}*SharedItemsImports = 4
		..\Common\ArmyPlanner.Shared\ArmyPlanner.Shared.projitems*{182fa1ea-6c82-472e-8552-727ca5b2117e}*SharedItemsImports = 5
		..\Common\ArmyPlanner.Shared\ArmyPlanner.Shared.projitems*{5a6ed98f-9ac8-40d4-8125-26f9be411ea6}*SharedItemsImports = 5
		..\Common\ArmyPlanner.Shared\ArmyPlanner.Shared.projitems*{62569b50-8a5f-4acb-9638-d8012578bd8f}*SharedItemsImports = 5
		..\Common\ArmyPlanner.Shared\ArmyPlanner.Shared.projitems*{6279c845-92f8-4333-ab99-3d213163593c}*SharedItemsImports = 13
		..\Common\ArmyPlanner.Shared\ArmyPlanner.Shared.projitems*{80dff7fa-5725-4010-8882-467924ee4e3f}*SharedItemsImports = 4
		..\Common\ArmyPlanner.Shared\ArmyPlanner.Shared.projitems*{ad2867e8-2286-436b-aaaa-d8d7a188b2a5}*SharedItemsImports = 5
		..\Common\ArmyPlanner.Shared\ArmyPlanner.Shared.projitems*{ec9faf21-319a-48e4-a147-bf8c405cf7d6}*SharedItemsImports = 4
	EndGlobalSection
	GlobalSection(SolutionConfigurationPlatforms) = preSolution
		Ad-Hoc|Any CPU = Ad-Hoc|Any CPU
		Ad-Hoc|ARM = Ad-Hoc|ARM
		Ad-Hoc|ARM64 = Ad-Hoc|ARM64
		Ad-Hoc|iPhone = Ad-Hoc|iPhone
		Ad-Hoc|iPhoneSimulator = Ad-Hoc|iPhoneSimulator
		Ad-Hoc|x64 = Ad-Hoc|x64
		Ad-Hoc|x86 = Ad-Hoc|x86
		AppStore|Any CPU = AppStore|Any CPU
		AppStore|ARM = AppStore|ARM
		AppStore|ARM64 = AppStore|ARM64
		AppStore|iPhone = AppStore|iPhone
		AppStore|iPhoneSimulator = AppStore|iPhoneSimulator
		AppStore|x64 = AppStore|x64
		AppStore|x86 = AppStore|x86
		Debug|Any CPU = Debug|Any CPU
		Debug|ARM = Debug|ARM
		Debug|ARM64 = Debug|ARM64
		Debug|iPhone = Debug|iPhone
		Debug|iPhoneSimulator = Debug|iPhoneSimulator
		Debug|x64 = Debug|x64
		Debug|x86 = Debug|x86
		Release|Any CPU = Release|Any CPU
		Release|ARM = Release|ARM
		Release|ARM64 = Release|ARM64
		Release|iPhone = Release|iPhone
		Release|iPhoneSimulator = Release|iPhoneSimulator
		Release|x64 = Release|x64
		Release|x86 = Release|x86
	EndGlobalSection
	GlobalSection(ProjectConfigurationPlatforms) = postSolution
		{0BA70550-AEB3-46E0-9550-CA99D2E3DE32}.Ad-Hoc|Any CPU.ActiveCfg = Debug|Any CPU
		{0BA70550-AEB3-46E0-9550-CA99D2E3DE32}.Ad-Hoc|Any CPU.Build.0 = Debug|Any CPU
		{0BA70550-AEB3-46E0-9550-CA99D2E3DE32}.Ad-Hoc|Any CPU.Deploy.0 = Debug|Any CPU
		{0BA70550-AEB3-46E0-9550-CA99D2E3DE32}.Ad-Hoc|ARM.ActiveCfg = Debug|Any CPU
		{0BA70550-AEB3-46E0-9550-CA99D2E3DE32}.Ad-Hoc|ARM.Build.0 = Debug|Any CPU
		{0BA70550-AEB3-46E0-9550-CA99D2E3DE32}.Ad-Hoc|ARM.Deploy.0 = Debug|Any CPU
		{0BA70550-AEB3-46E0-9550-CA99D2E3DE32}.Ad-Hoc|ARM64.ActiveCfg = Debug|Any CPU
		{0BA70550-AEB3-46E0-9550-CA99D2E3DE32}.Ad-Hoc|ARM64.Build.0 = Debug|Any CPU
		{0BA70550-AEB3-46E0-9550-CA99D2E3DE32}.Ad-Hoc|ARM64.Deploy.0 = Debug|Any CPU
		{0BA70550-AEB3-46E0-9550-CA99D2E3DE32}.Ad-Hoc|iPhone.ActiveCfg = Debug|Any CPU
		{0BA70550-AEB3-46E0-9550-CA99D2E3DE32}.Ad-Hoc|iPhone.Build.0 = Debug|Any CPU
		{0BA70550-AEB3-46E0-9550-CA99D2E3DE32}.Ad-Hoc|iPhone.Deploy.0 = Debug|Any CPU
		{0BA70550-AEB3-46E0-9550-CA99D2E3DE32}.Ad-Hoc|iPhoneSimulator.ActiveCfg = Debug|Any CPU
		{0BA70550-AEB3-46E0-9550-CA99D2E3DE32}.Ad-Hoc|iPhoneSimulator.Build.0 = Debug|Any CPU
		{0BA70550-AEB3-46E0-9550-CA99D2E3DE32}.Ad-Hoc|iPhoneSimulator.Deploy.0 = Debug|Any CPU
		{0BA70550-AEB3-46E0-9550-CA99D2E3DE32}.Ad-Hoc|x64.ActiveCfg = Debug|Any CPU
		{0BA70550-AEB3-46E0-9550-CA99D2E3DE32}.Ad-Hoc|x64.Build.0 = Debug|Any CPU
		{0BA70550-AEB3-46E0-9550-CA99D2E3DE32}.Ad-Hoc|x64.Deploy.0 = Debug|Any CPU
		{0BA70550-AEB3-46E0-9550-CA99D2E3DE32}.Ad-Hoc|x86.ActiveCfg = Debug|Any CPU
		{0BA70550-AEB3-46E0-9550-CA99D2E3DE32}.Ad-Hoc|x86.Build.0 = Debug|Any CPU
		{0BA70550-AEB3-46E0-9550-CA99D2E3DE32}.Ad-Hoc|x86.Deploy.0 = Debug|Any CPU
		{0BA70550-AEB3-46E0-9550-CA99D2E3DE32}.AppStore|Any CPU.ActiveCfg = Debug|Any CPU
		{0BA70550-AEB3-46E0-9550-CA99D2E3DE32}.AppStore|Any CPU.Build.0 = Debug|Any CPU
		{0BA70550-AEB3-46E0-9550-CA99D2E3DE32}.AppStore|Any CPU.Deploy.0 = Debug|Any CPU
		{0BA70550-AEB3-46E0-9550-CA99D2E3DE32}.AppStore|ARM.ActiveCfg = Debug|Any CPU
		{0BA70550-AEB3-46E0-9550-CA99D2E3DE32}.AppStore|ARM.Build.0 = Debug|Any CPU
		{0BA70550-AEB3-46E0-9550-CA99D2E3DE32}.AppStore|ARM.Deploy.0 = Debug|Any CPU
		{0BA70550-AEB3-46E0-9550-CA99D2E3DE32}.AppStore|ARM64.ActiveCfg = Debug|Any CPU
		{0BA70550-AEB3-46E0-9550-CA99D2E3DE32}.AppStore|ARM64.Build.0 = Debug|Any CPU
		{0BA70550-AEB3-46E0-9550-CA99D2E3DE32}.AppStore|ARM64.Deploy.0 = Debug|Any CPU
		{0BA70550-AEB3-46E0-9550-CA99D2E3DE32}.AppStore|iPhone.ActiveCfg = Debug|Any CPU
		{0BA70550-AEB3-46E0-9550-CA99D2E3DE32}.AppStore|iPhone.Build.0 = Debug|Any CPU
		{0BA70550-AEB3-46E0-9550-CA99D2E3DE32}.AppStore|iPhone.Deploy.0 = Debug|Any CPU
		{0BA70550-AEB3-46E0-9550-CA99D2E3DE32}.AppStore|iPhoneSimulator.ActiveCfg = Debug|Any CPU
		{0BA70550-AEB3-46E0-9550-CA99D2E3DE32}.AppStore|iPhoneSimulator.Build.0 = Debug|Any CPU
		{0BA70550-AEB3-46E0-9550-CA99D2E3DE32}.AppStore|iPhoneSimulator.Deploy.0 = Debug|Any CPU
		{0BA70550-AEB3-46E0-9550-CA99D2E3DE32}.AppStore|x64.ActiveCfg = Debug|Any CPU
		{0BA70550-AEB3-46E0-9550-CA99D2E3DE32}.AppStore|x64.Build.0 = Debug|Any CPU
		{0BA70550-AEB3-46E0-9550-CA99D2E3DE32}.AppStore|x64.Deploy.0 = Debug|Any CPU
		{0BA70550-AEB3-46E0-9550-CA99D2E3DE32}.AppStore|x86.ActiveCfg = Debug|Any CPU
		{0BA70550-AEB3-46E0-9550-CA99D2E3DE32}.AppStore|x86.Build.0 = Debug|Any CPU
		{0BA70550-AEB3-46E0-9550-CA99D2E3DE32}.AppStore|x86.Deploy.0 = Debug|Any CPU
		{0BA70550-AEB3-46E0-9550-CA99D2E3DE32}.Debug|Any CPU.ActiveCfg = Debug|Any CPU
		{0BA70550-AEB3-46E0-9550-CA99D2E3DE32}.Debug|Any CPU.Build.0 = Debug|Any CPU
		{0BA70550-AEB3-46E0-9550-CA99D2E3DE32}.Debug|Any CPU.Deploy.0 = Debug|Any CPU
		{0BA70550-AEB3-46E0-9550-CA99D2E3DE32}.Debug|ARM.ActiveCfg = Debug|Any CPU
		{0BA70550-AEB3-46E0-9550-CA99D2E3DE32}.Debug|ARM.Build.0 = Debug|Any CPU
		{0BA70550-AEB3-46E0-9550-CA99D2E3DE32}.Debug|ARM.Deploy.0 = Debug|Any CPU
		{0BA70550-AEB3-46E0-9550-CA99D2E3DE32}.Debug|ARM64.ActiveCfg = Debug|Any CPU
		{0BA70550-AEB3-46E0-9550-CA99D2E3DE32}.Debug|ARM64.Build.0 = Debug|Any CPU
		{0BA70550-AEB3-46E0-9550-CA99D2E3DE32}.Debug|ARM64.Deploy.0 = Debug|Any CPU
		{0BA70550-AEB3-46E0-9550-CA99D2E3DE32}.Debug|iPhone.ActiveCfg = Debug|Any CPU
		{0BA70550-AEB3-46E0-9550-CA99D2E3DE32}.Debug|iPhone.Build.0 = Debug|Any CPU
		{0BA70550-AEB3-46E0-9550-CA99D2E3DE32}.Debug|iPhone.Deploy.0 = Debug|Any CPU
		{0BA70550-AEB3-46E0-9550-CA99D2E3DE32}.Debug|iPhoneSimulator.ActiveCfg = Debug|Any CPU
		{0BA70550-AEB3-46E0-9550-CA99D2E3DE32}.Debug|iPhoneSimulator.Build.0 = Debug|Any CPU
		{0BA70550-AEB3-46E0-9550-CA99D2E3DE32}.Debug|iPhoneSimulator.Deploy.0 = Debug|Any CPU
		{0BA70550-AEB3-46E0-9550-CA99D2E3DE32}.Debug|x64.ActiveCfg = Debug|Any CPU
		{0BA70550-AEB3-46E0-9550-CA99D2E3DE32}.Debug|x64.Build.0 = Debug|Any CPU
		{0BA70550-AEB3-46E0-9550-CA99D2E3DE32}.Debug|x64.Deploy.0 = Debug|Any CPU
		{0BA70550-AEB3-46E0-9550-CA99D2E3DE32}.Debug|x86.ActiveCfg = Debug|Any CPU
		{0BA70550-AEB3-46E0-9550-CA99D2E3DE32}.Debug|x86.Build.0 = Debug|Any CPU
		{0BA70550-AEB3-46E0-9550-CA99D2E3DE32}.Debug|x86.Deploy.0 = Debug|Any CPU
		{0BA70550-AEB3-46E0-9550-CA99D2E3DE32}.Release|Any CPU.ActiveCfg = Release|Any CPU
		{0BA70550-AEB3-46E0-9550-CA99D2E3DE32}.Release|Any CPU.Build.0 = Release|Any CPU
		{0BA70550-AEB3-46E0-9550-CA99D2E3DE32}.Release|Any CPU.Deploy.0 = Release|Any CPU
		{0BA70550-AEB3-46E0-9550-CA99D2E3DE32}.Release|ARM.ActiveCfg = Release|Any CPU
		{0BA70550-AEB3-46E0-9550-CA99D2E3DE32}.Release|ARM.Build.0 = Release|Any CPU
		{0BA70550-AEB3-46E0-9550-CA99D2E3DE32}.Release|ARM.Deploy.0 = Release|Any CPU
		{0BA70550-AEB3-46E0-9550-CA99D2E3DE32}.Release|ARM64.ActiveCfg = Release|Any CPU
		{0BA70550-AEB3-46E0-9550-CA99D2E3DE32}.Release|ARM64.Build.0 = Release|Any CPU
		{0BA70550-AEB3-46E0-9550-CA99D2E3DE32}.Release|ARM64.Deploy.0 = Release|Any CPU
		{0BA70550-AEB3-46E0-9550-CA99D2E3DE32}.Release|iPhone.ActiveCfg = Release|Any CPU
		{0BA70550-AEB3-46E0-9550-CA99D2E3DE32}.Release|iPhone.Build.0 = Release|Any CPU
		{0BA70550-AEB3-46E0-9550-CA99D2E3DE32}.Release|iPhone.Deploy.0 = Release|Any CPU
		{0BA70550-AEB3-46E0-9550-CA99D2E3DE32}.Release|iPhoneSimulator.ActiveCfg = Release|Any CPU
		{0BA70550-AEB3-46E0-9550-CA99D2E3DE32}.Release|iPhoneSimulator.Build.0 = Release|Any CPU
		{0BA70550-AEB3-46E0-9550-CA99D2E3DE32}.Release|iPhoneSimulator.Deploy.0 = Release|Any CPU
		{0BA70550-AEB3-46E0-9550-CA99D2E3DE32}.Release|x64.ActiveCfg = Release|Any CPU
		{0BA70550-AEB3-46E0-9550-CA99D2E3DE32}.Release|x64.Build.0 = Release|Any CPU
		{0BA70550-AEB3-46E0-9550-CA99D2E3DE32}.Release|x64.Deploy.0 = Release|Any CPU
		{0BA70550-AEB3-46E0-9550-CA99D2E3DE32}.Release|x86.ActiveCfg = Release|Any CPU
		{0BA70550-AEB3-46E0-9550-CA99D2E3DE32}.Release|x86.Build.0 = Release|Any CPU
		{0BA70550-AEB3-46E0-9550-CA99D2E3DE32}.Release|x86.Deploy.0 = Release|Any CPU
		{09073DF8-87BF-47F9-8230-98387379BB87}.Ad-Hoc|Any CPU.ActiveCfg = Ad-Hoc|iPhoneSimulator
		{09073DF8-87BF-47F9-8230-98387379BB87}.Ad-Hoc|ARM.ActiveCfg = Ad-Hoc|iPhoneSimulator
		{09073DF8-87BF-47F9-8230-98387379BB87}.Ad-Hoc|ARM64.ActiveCfg = Ad-Hoc|iPhoneSimulator
		{09073DF8-87BF-47F9-8230-98387379BB87}.Ad-Hoc|iPhone.ActiveCfg = Ad-Hoc|iPhone
		{09073DF8-87BF-47F9-8230-98387379BB87}.Ad-Hoc|iPhone.Build.0 = Ad-Hoc|iPhone
		{09073DF8-87BF-47F9-8230-98387379BB87}.Ad-Hoc|iPhoneSimulator.ActiveCfg = Ad-Hoc|iPhoneSimulator
		{09073DF8-87BF-47F9-8230-98387379BB87}.Ad-Hoc|iPhoneSimulator.Build.0 = Ad-Hoc|iPhoneSimulator
		{09073DF8-87BF-47F9-8230-98387379BB87}.Ad-Hoc|x64.ActiveCfg = Ad-Hoc|iPhoneSimulator
		{09073DF8-87BF-47F9-8230-98387379BB87}.Ad-Hoc|x86.ActiveCfg = Ad-Hoc|iPhoneSimulator
		{09073DF8-87BF-47F9-8230-98387379BB87}.AppStore|Any CPU.ActiveCfg = AppStore|iPhoneSimulator
		{09073DF8-87BF-47F9-8230-98387379BB87}.AppStore|ARM.ActiveCfg = AppStore|iPhoneSimulator
		{09073DF8-87BF-47F9-8230-98387379BB87}.AppStore|ARM64.ActiveCfg = AppStore|iPhoneSimulator
		{09073DF8-87BF-47F9-8230-98387379BB87}.AppStore|iPhone.ActiveCfg = AppStore|iPhone
		{09073DF8-87BF-47F9-8230-98387379BB87}.AppStore|iPhone.Build.0 = AppStore|iPhone
		{09073DF8-87BF-47F9-8230-98387379BB87}.AppStore|iPhoneSimulator.ActiveCfg = AppStore|iPhoneSimulator
		{09073DF8-87BF-47F9-8230-98387379BB87}.AppStore|iPhoneSimulator.Build.0 = AppStore|iPhoneSimulator
		{09073DF8-87BF-47F9-8230-98387379BB87}.AppStore|x64.ActiveCfg = AppStore|iPhoneSimulator
		{09073DF8-87BF-47F9-8230-98387379BB87}.AppStore|x86.ActiveCfg = AppStore|iPhoneSimulator
		{09073DF8-87BF-47F9-8230-98387379BB87}.Debug|Any CPU.ActiveCfg = Debug|iPhoneSimulator
		{09073DF8-87BF-47F9-8230-98387379BB87}.Debug|ARM.ActiveCfg = Debug|iPhoneSimulator
		{09073DF8-87BF-47F9-8230-98387379BB87}.Debug|ARM64.ActiveCfg = Debug|iPhoneSimulator
		{09073DF8-87BF-47F9-8230-98387379BB87}.Debug|iPhone.ActiveCfg = Debug|iPhone
		{09073DF8-87BF-47F9-8230-98387379BB87}.Debug|iPhone.Build.0 = Debug|iPhone
		{09073DF8-87BF-47F9-8230-98387379BB87}.Debug|iPhoneSimulator.ActiveCfg = Debug|iPhoneSimulator
		{09073DF8-87BF-47F9-8230-98387379BB87}.Debug|iPhoneSimulator.Build.0 = Debug|iPhoneSimulator
		{09073DF8-87BF-47F9-8230-98387379BB87}.Debug|x64.ActiveCfg = Debug|iPhoneSimulator
		{09073DF8-87BF-47F9-8230-98387379BB87}.Debug|x86.ActiveCfg = Debug|iPhoneSimulator
		{09073DF8-87BF-47F9-8230-98387379BB87}.Release|Any CPU.ActiveCfg = Release|iPhoneSimulator
		{09073DF8-87BF-47F9-8230-98387379BB87}.Release|ARM.ActiveCfg = Release|iPhoneSimulator
		{09073DF8-87BF-47F9-8230-98387379BB87}.Release|ARM64.ActiveCfg = Release|iPhoneSimulator
		{09073DF8-87BF-47F9-8230-98387379BB87}.Release|iPhone.ActiveCfg = Release|iPhone
		{09073DF8-87BF-47F9-8230-98387379BB87}.Release|iPhone.Build.0 = Release|iPhone
		{09073DF8-87BF-47F9-8230-98387379BB87}.Release|iPhoneSimulator.ActiveCfg = Release|iPhoneSimulator
		{09073DF8-87BF-47F9-8230-98387379BB87}.Release|iPhoneSimulator.Build.0 = Release|iPhoneSimulator
		{09073DF8-87BF-47F9-8230-98387379BB87}.Release|x64.ActiveCfg = Release|iPhoneSimulator
		{09073DF8-87BF-47F9-8230-98387379BB87}.Release|x86.ActiveCfg = Release|iPhoneSimulator
		{EC9FAF21-319A-48E4-A147-BF8C405CF7D6}.Ad-Hoc|Any CPU.ActiveCfg = Debug|x86
		{EC9FAF21-319A-48E4-A147-BF8C405CF7D6}.Ad-Hoc|Any CPU.Build.0 = Debug|x86
		{EC9FAF21-319A-48E4-A147-BF8C405CF7D6}.Ad-Hoc|Any CPU.Deploy.0 = Debug|x86
		{EC9FAF21-319A-48E4-A147-BF8C405CF7D6}.Ad-Hoc|ARM.ActiveCfg = Debug|ARM
		{EC9FAF21-319A-48E4-A147-BF8C405CF7D6}.Ad-Hoc|ARM.Build.0 = Debug|ARM
		{EC9FAF21-319A-48E4-A147-BF8C405CF7D6}.Ad-Hoc|ARM.Deploy.0 = Debug|ARM
		{EC9FAF21-319A-48E4-A147-BF8C405CF7D6}.Ad-Hoc|ARM64.ActiveCfg = Debug|ARM64
		{EC9FAF21-319A-48E4-A147-BF8C405CF7D6}.Ad-Hoc|ARM64.Build.0 = Debug|ARM64
		{EC9FAF21-319A-48E4-A147-BF8C405CF7D6}.Ad-Hoc|ARM64.Deploy.0 = Debug|ARM64
		{EC9FAF21-319A-48E4-A147-BF8C405CF7D6}.Ad-Hoc|iPhone.ActiveCfg = Debug|x86
		{EC9FAF21-319A-48E4-A147-BF8C405CF7D6}.Ad-Hoc|iPhone.Build.0 = Debug|x86
		{EC9FAF21-319A-48E4-A147-BF8C405CF7D6}.Ad-Hoc|iPhone.Deploy.0 = Debug|x86
		{EC9FAF21-319A-48E4-A147-BF8C405CF7D6}.Ad-Hoc|iPhoneSimulator.ActiveCfg = Debug|x86
		{EC9FAF21-319A-48E4-A147-BF8C405CF7D6}.Ad-Hoc|iPhoneSimulator.Build.0 = Debug|x86
		{EC9FAF21-319A-48E4-A147-BF8C405CF7D6}.Ad-Hoc|iPhoneSimulator.Deploy.0 = Debug|x86
		{EC9FAF21-319A-48E4-A147-BF8C405CF7D6}.Ad-Hoc|x64.ActiveCfg = Debug|x64
		{EC9FAF21-319A-48E4-A147-BF8C405CF7D6}.Ad-Hoc|x64.Build.0 = Debug|x64
		{EC9FAF21-319A-48E4-A147-BF8C405CF7D6}.Ad-Hoc|x64.Deploy.0 = Debug|x64
		{EC9FAF21-319A-48E4-A147-BF8C405CF7D6}.Ad-Hoc|x86.ActiveCfg = Debug|x86
		{EC9FAF21-319A-48E4-A147-BF8C405CF7D6}.Ad-Hoc|x86.Build.0 = Debug|x86
		{EC9FAF21-319A-48E4-A147-BF8C405CF7D6}.Ad-Hoc|x86.Deploy.0 = Debug|x86
		{EC9FAF21-319A-48E4-A147-BF8C405CF7D6}.AppStore|Any CPU.ActiveCfg = Debug|x86
		{EC9FAF21-319A-48E4-A147-BF8C405CF7D6}.AppStore|Any CPU.Build.0 = Debug|x86
		{EC9FAF21-319A-48E4-A147-BF8C405CF7D6}.AppStore|Any CPU.Deploy.0 = Debug|x86
		{EC9FAF21-319A-48E4-A147-BF8C405CF7D6}.AppStore|ARM.ActiveCfg = Debug|ARM
		{EC9FAF21-319A-48E4-A147-BF8C405CF7D6}.AppStore|ARM.Build.0 = Debug|ARM
		{EC9FAF21-319A-48E4-A147-BF8C405CF7D6}.AppStore|ARM.Deploy.0 = Debug|ARM
		{EC9FAF21-319A-48E4-A147-BF8C405CF7D6}.AppStore|ARM64.ActiveCfg = Debug|ARM64
		{EC9FAF21-319A-48E4-A147-BF8C405CF7D6}.AppStore|ARM64.Build.0 = Debug|ARM64
		{EC9FAF21-319A-48E4-A147-BF8C405CF7D6}.AppStore|ARM64.Deploy.0 = Debug|ARM64
		{EC9FAF21-319A-48E4-A147-BF8C405CF7D6}.AppStore|iPhone.ActiveCfg = Debug|x86
		{EC9FAF21-319A-48E4-A147-BF8C405CF7D6}.AppStore|iPhone.Build.0 = Debug|x86
		{EC9FAF21-319A-48E4-A147-BF8C405CF7D6}.AppStore|iPhone.Deploy.0 = Debug|x86
		{EC9FAF21-319A-48E4-A147-BF8C405CF7D6}.AppStore|iPhoneSimulator.ActiveCfg = Debug|x86
		{EC9FAF21-319A-48E4-A147-BF8C405CF7D6}.AppStore|iPhoneSimulator.Build.0 = Debug|x86
		{EC9FAF21-319A-48E4-A147-BF8C405CF7D6}.AppStore|iPhoneSimulator.Deploy.0 = Debug|x86
		{EC9FAF21-319A-48E4-A147-BF8C405CF7D6}.AppStore|x64.ActiveCfg = Debug|x64
		{EC9FAF21-319A-48E4-A147-BF8C405CF7D6}.AppStore|x64.Build.0 = Debug|x64
		{EC9FAF21-319A-48E4-A147-BF8C405CF7D6}.AppStore|x64.Deploy.0 = Debug|x64
		{EC9FAF21-319A-48E4-A147-BF8C405CF7D6}.AppStore|x86.ActiveCfg = Debug|x86
		{EC9FAF21-319A-48E4-A147-BF8C405CF7D6}.AppStore|x86.Build.0 = Debug|x86
		{EC9FAF21-319A-48E4-A147-BF8C405CF7D6}.AppStore|x86.Deploy.0 = Debug|x86
		{EC9FAF21-319A-48E4-A147-BF8C405CF7D6}.Debug|Any CPU.ActiveCfg = Debug|x86
		{EC9FAF21-319A-48E4-A147-BF8C405CF7D6}.Debug|Any CPU.Build.0 = Debug|x86
		{EC9FAF21-319A-48E4-A147-BF8C405CF7D6}.Debug|Any CPU.Deploy.0 = Debug|x86
		{EC9FAF21-319A-48E4-A147-BF8C405CF7D6}.Debug|ARM.ActiveCfg = Debug|ARM
		{EC9FAF21-319A-48E4-A147-BF8C405CF7D6}.Debug|ARM.Build.0 = Debug|ARM
		{EC9FAF21-319A-48E4-A147-BF8C405CF7D6}.Debug|ARM.Deploy.0 = Debug|ARM
		{EC9FAF21-319A-48E4-A147-BF8C405CF7D6}.Debug|ARM64.ActiveCfg = Debug|ARM64
		{EC9FAF21-319A-48E4-A147-BF8C405CF7D6}.Debug|ARM64.Build.0 = Debug|ARM64
		{EC9FAF21-319A-48E4-A147-BF8C405CF7D6}.Debug|ARM64.Deploy.0 = Debug|ARM64
		{EC9FAF21-319A-48E4-A147-BF8C405CF7D6}.Debug|iPhone.ActiveCfg = Debug|x86
		{EC9FAF21-319A-48E4-A147-BF8C405CF7D6}.Debug|iPhoneSimulator.ActiveCfg = Debug|x86
		{EC9FAF21-319A-48E4-A147-BF8C405CF7D6}.Debug|x64.ActiveCfg = Debug|x64
		{EC9FAF21-319A-48E4-A147-BF8C405CF7D6}.Debug|x64.Build.0 = Debug|x64
		{EC9FAF21-319A-48E4-A147-BF8C405CF7D6}.Debug|x64.Deploy.0 = Debug|x64
		{EC9FAF21-319A-48E4-A147-BF8C405CF7D6}.Debug|x86.ActiveCfg = Debug|x86
		{EC9FAF21-319A-48E4-A147-BF8C405CF7D6}.Debug|x86.Build.0 = Debug|x86
		{EC9FAF21-319A-48E4-A147-BF8C405CF7D6}.Debug|x86.Deploy.0 = Debug|x86
		{EC9FAF21-319A-48E4-A147-BF8C405CF7D6}.Release|Any CPU.ActiveCfg = Release|x86
		{EC9FAF21-319A-48E4-A147-BF8C405CF7D6}.Release|ARM.ActiveCfg = Release|ARM
		{EC9FAF21-319A-48E4-A147-BF8C405CF7D6}.Release|ARM.Build.0 = Release|ARM
		{EC9FAF21-319A-48E4-A147-BF8C405CF7D6}.Release|ARM.Deploy.0 = Release|ARM
		{EC9FAF21-319A-48E4-A147-BF8C405CF7D6}.Release|ARM64.ActiveCfg = Release|ARM64
		{EC9FAF21-319A-48E4-A147-BF8C405CF7D6}.Release|ARM64.Build.0 = Release|ARM64
		{EC9FAF21-319A-48E4-A147-BF8C405CF7D6}.Release|ARM64.Deploy.0 = Release|ARM64
		{EC9FAF21-319A-48E4-A147-BF8C405CF7D6}.Release|iPhone.ActiveCfg = Release|x86
		{EC9FAF21-319A-48E4-A147-BF8C405CF7D6}.Release|iPhoneSimulator.ActiveCfg = Release|x86
		{EC9FAF21-319A-48E4-A147-BF8C405CF7D6}.Release|x64.ActiveCfg = Release|x64
		{EC9FAF21-319A-48E4-A147-BF8C405CF7D6}.Release|x64.Build.0 = Release|x64
		{EC9FAF21-319A-48E4-A147-BF8C405CF7D6}.Release|x64.Deploy.0 = Release|x64
		{EC9FAF21-319A-48E4-A147-BF8C405CF7D6}.Release|x86.ActiveCfg = Release|x86
		{EC9FAF21-319A-48E4-A147-BF8C405CF7D6}.Release|x86.Build.0 = Release|x86
		{EC9FAF21-319A-48E4-A147-BF8C405CF7D6}.Release|x86.Deploy.0 = Release|x86
		{182FA1EA-6C82-472E-8552-727CA5B2117E}.Ad-Hoc|Any CPU.ActiveCfg = Debug|Any CPU
		{182FA1EA-6C82-472E-8552-727CA5B2117E}.Ad-Hoc|Any CPU.Build.0 = Debug|Any CPU
		{182FA1EA-6C82-472E-8552-727CA5B2117E}.Ad-Hoc|ARM.ActiveCfg = Debug|Any CPU
		{182FA1EA-6C82-472E-8552-727CA5B2117E}.Ad-Hoc|ARM.Build.0 = Debug|Any CPU
		{182FA1EA-6C82-472E-8552-727CA5B2117E}.Ad-Hoc|ARM64.ActiveCfg = Debug|Any CPU
		{182FA1EA-6C82-472E-8552-727CA5B2117E}.Ad-Hoc|ARM64.Build.0 = Debug|Any CPU
		{182FA1EA-6C82-472E-8552-727CA5B2117E}.Ad-Hoc|iPhone.ActiveCfg = Debug|Any CPU
		{182FA1EA-6C82-472E-8552-727CA5B2117E}.Ad-Hoc|iPhone.Build.0 = Debug|Any CPU
		{182FA1EA-6C82-472E-8552-727CA5B2117E}.Ad-Hoc|iPhoneSimulator.ActiveCfg = Debug|Any CPU
		{182FA1EA-6C82-472E-8552-727CA5B2117E}.Ad-Hoc|iPhoneSimulator.Build.0 = Debug|Any CPU
		{182FA1EA-6C82-472E-8552-727CA5B2117E}.Ad-Hoc|x64.ActiveCfg = Debug|Any CPU
		{182FA1EA-6C82-472E-8552-727CA5B2117E}.Ad-Hoc|x64.Build.0 = Debug|Any CPU
		{182FA1EA-6C82-472E-8552-727CA5B2117E}.Ad-Hoc|x86.ActiveCfg = Debug|Any CPU
		{182FA1EA-6C82-472E-8552-727CA5B2117E}.Ad-Hoc|x86.Build.0 = Debug|Any CPU
		{182FA1EA-6C82-472E-8552-727CA5B2117E}.AppStore|Any CPU.ActiveCfg = Debug|Any CPU
		{182FA1EA-6C82-472E-8552-727CA5B2117E}.AppStore|Any CPU.Build.0 = Debug|Any CPU
		{182FA1EA-6C82-472E-8552-727CA5B2117E}.AppStore|ARM.ActiveCfg = Debug|Any CPU
		{182FA1EA-6C82-472E-8552-727CA5B2117E}.AppStore|ARM.Build.0 = Debug|Any CPU
		{182FA1EA-6C82-472E-8552-727CA5B2117E}.AppStore|ARM64.ActiveCfg = Debug|Any CPU
		{182FA1EA-6C82-472E-8552-727CA5B2117E}.AppStore|ARM64.Build.0 = Debug|Any CPU
		{182FA1EA-6C82-472E-8552-727CA5B2117E}.AppStore|iPhone.ActiveCfg = Debug|Any CPU
		{182FA1EA-6C82-472E-8552-727CA5B2117E}.AppStore|iPhone.Build.0 = Debug|Any CPU
		{182FA1EA-6C82-472E-8552-727CA5B2117E}.AppStore|iPhoneSimulator.ActiveCfg = Debug|Any CPU
		{182FA1EA-6C82-472E-8552-727CA5B2117E}.AppStore|iPhoneSimulator.Build.0 = Debug|Any CPU
		{182FA1EA-6C82-472E-8552-727CA5B2117E}.AppStore|x64.ActiveCfg = Debug|Any CPU
		{182FA1EA-6C82-472E-8552-727CA5B2117E}.AppStore|x64.Build.0 = Debug|Any CPU
		{182FA1EA-6C82-472E-8552-727CA5B2117E}.AppStore|x86.ActiveCfg = Debug|Any CPU
		{182FA1EA-6C82-472E-8552-727CA5B2117E}.AppStore|x86.Build.0 = Debug|Any CPU
		{182FA1EA-6C82-472E-8552-727CA5B2117E}.Debug|Any CPU.ActiveCfg = Debug|Any CPU
		{182FA1EA-6C82-472E-8552-727CA5B2117E}.Debug|Any CPU.Build.0 = Debug|Any CPU
		{182FA1EA-6C82-472E-8552-727CA5B2117E}.Debug|ARM.ActiveCfg = Debug|Any CPU
		{182FA1EA-6C82-472E-8552-727CA5B2117E}.Debug|ARM.Build.0 = Debug|Any CPU
		{182FA1EA-6C82-472E-8552-727CA5B2117E}.Debug|ARM64.ActiveCfg = Debug|Any CPU
		{182FA1EA-6C82-472E-8552-727CA5B2117E}.Debug|ARM64.Build.0 = Debug|Any CPU
		{182FA1EA-6C82-472E-8552-727CA5B2117E}.Debug|iPhone.ActiveCfg = Debug|Any CPU
		{182FA1EA-6C82-472E-8552-727CA5B2117E}.Debug|iPhone.Build.0 = Debug|Any CPU
		{182FA1EA-6C82-472E-8552-727CA5B2117E}.Debug|iPhoneSimulator.ActiveCfg = Debug|Any CPU
		{182FA1EA-6C82-472E-8552-727CA5B2117E}.Debug|iPhoneSimulator.Build.0 = Debug|Any CPU
		{182FA1EA-6C82-472E-8552-727CA5B2117E}.Debug|x64.ActiveCfg = Debug|Any CPU
		{182FA1EA-6C82-472E-8552-727CA5B2117E}.Debug|x64.Build.0 = Debug|Any CPU
		{182FA1EA-6C82-472E-8552-727CA5B2117E}.Debug|x86.ActiveCfg = Debug|Any CPU
		{182FA1EA-6C82-472E-8552-727CA5B2117E}.Debug|x86.Build.0 = Debug|Any CPU
		{182FA1EA-6C82-472E-8552-727CA5B2117E}.Release|Any CPU.ActiveCfg = Release|Any CPU
		{182FA1EA-6C82-472E-8552-727CA5B2117E}.Release|Any CPU.Build.0 = Release|Any CPU
		{182FA1EA-6C82-472E-8552-727CA5B2117E}.Release|ARM.ActiveCfg = Release|Any CPU
		{182FA1EA-6C82-472E-8552-727CA5B2117E}.Release|ARM.Build.0 = Release|Any CPU
		{182FA1EA-6C82-472E-8552-727CA5B2117E}.Release|ARM64.ActiveCfg = Release|Any CPU
		{182FA1EA-6C82-472E-8552-727CA5B2117E}.Release|ARM64.Build.0 = Release|Any CPU
		{182FA1EA-6C82-472E-8552-727CA5B2117E}.Release|iPhone.ActiveCfg = Release|Any CPU
		{182FA1EA-6C82-472E-8552-727CA5B2117E}.Release|iPhone.Build.0 = Release|Any CPU
		{182FA1EA-6C82-472E-8552-727CA5B2117E}.Release|iPhoneSimulator.ActiveCfg = Release|Any CPU
		{182FA1EA-6C82-472E-8552-727CA5B2117E}.Release|iPhoneSimulator.Build.0 = Release|Any CPU
		{182FA1EA-6C82-472E-8552-727CA5B2117E}.Release|x64.ActiveCfg = Release|Any CPU
		{182FA1EA-6C82-472E-8552-727CA5B2117E}.Release|x64.Build.0 = Release|Any CPU
		{182FA1EA-6C82-472E-8552-727CA5B2117E}.Release|x86.ActiveCfg = Release|Any CPU
		{182FA1EA-6C82-472E-8552-727CA5B2117E}.Release|x86.Build.0 = Release|Any CPU
		{80DFF7FA-5725-4010-8882-467924EE4E3F}.Ad-Hoc|Any CPU.ActiveCfg = Debug|iPhoneSimulator
		{80DFF7FA-5725-4010-8882-467924EE4E3F}.Ad-Hoc|Any CPU.Build.0 = Debug|iPhoneSimulator
		{80DFF7FA-5725-4010-8882-467924EE4E3F}.Ad-Hoc|ARM.ActiveCfg = Debug|iPhoneSimulator
		{80DFF7FA-5725-4010-8882-467924EE4E3F}.Ad-Hoc|ARM.Build.0 = Debug|iPhoneSimulator
		{80DFF7FA-5725-4010-8882-467924EE4E3F}.Ad-Hoc|ARM64.ActiveCfg = Debug|iPhoneSimulator
		{80DFF7FA-5725-4010-8882-467924EE4E3F}.Ad-Hoc|ARM64.Build.0 = Debug|iPhoneSimulator
		{80DFF7FA-5725-4010-8882-467924EE4E3F}.Ad-Hoc|iPhone.ActiveCfg = Debug|iPhoneSimulator
		{80DFF7FA-5725-4010-8882-467924EE4E3F}.Ad-Hoc|iPhone.Build.0 = Debug|iPhoneSimulator
		{80DFF7FA-5725-4010-8882-467924EE4E3F}.Ad-Hoc|iPhoneSimulator.ActiveCfg = Debug|iPhoneSimulator
		{80DFF7FA-5725-4010-8882-467924EE4E3F}.Ad-Hoc|iPhoneSimulator.Build.0 = Debug|iPhoneSimulator
		{80DFF7FA-5725-4010-8882-467924EE4E3F}.Ad-Hoc|x64.ActiveCfg = Debug|iPhoneSimulator
		{80DFF7FA-5725-4010-8882-467924EE4E3F}.Ad-Hoc|x64.Build.0 = Debug|iPhoneSimulator
		{80DFF7FA-5725-4010-8882-467924EE4E3F}.Ad-Hoc|x86.ActiveCfg = Debug|iPhoneSimulator
		{80DFF7FA-5725-4010-8882-467924EE4E3F}.Ad-Hoc|x86.Build.0 = Debug|iPhoneSimulator
		{80DFF7FA-5725-4010-8882-467924EE4E3F}.AppStore|Any CPU.ActiveCfg = Debug|iPhoneSimulator
		{80DFF7FA-5725-4010-8882-467924EE4E3F}.AppStore|Any CPU.Build.0 = Debug|iPhoneSimulator
		{80DFF7FA-5725-4010-8882-467924EE4E3F}.AppStore|ARM.ActiveCfg = Debug|iPhoneSimulator
		{80DFF7FA-5725-4010-8882-467924EE4E3F}.AppStore|ARM.Build.0 = Debug|iPhoneSimulator
		{80DFF7FA-5725-4010-8882-467924EE4E3F}.AppStore|ARM64.ActiveCfg = Debug|iPhoneSimulator
		{80DFF7FA-5725-4010-8882-467924EE4E3F}.AppStore|ARM64.Build.0 = Debug|iPhoneSimulator
		{80DFF7FA-5725-4010-8882-467924EE4E3F}.AppStore|iPhone.ActiveCfg = Debug|iPhoneSimulator
		{80DFF7FA-5725-4010-8882-467924EE4E3F}.AppStore|iPhone.Build.0 = Debug|iPhoneSimulator
		{80DFF7FA-5725-4010-8882-467924EE4E3F}.AppStore|iPhoneSimulator.ActiveCfg = Debug|iPhoneSimulator
		{80DFF7FA-5725-4010-8882-467924EE4E3F}.AppStore|iPhoneSimulator.Build.0 = Debug|iPhoneSimulator
		{80DFF7FA-5725-4010-8882-467924EE4E3F}.AppStore|x64.ActiveCfg = Debug|iPhoneSimulator
		{80DFF7FA-5725-4010-8882-467924EE4E3F}.AppStore|x64.Build.0 = Debug|iPhoneSimulator
		{80DFF7FA-5725-4010-8882-467924EE4E3F}.AppStore|x86.ActiveCfg = Debug|iPhoneSimulator
		{80DFF7FA-5725-4010-8882-467924EE4E3F}.AppStore|x86.Build.0 = Debug|iPhoneSimulator
		{80DFF7FA-5725-4010-8882-467924EE4E3F}.Debug|Any CPU.ActiveCfg = Debug|iPhoneSimulator
		{80DFF7FA-5725-4010-8882-467924EE4E3F}.Debug|ARM.ActiveCfg = Debug|iPhoneSimulator
		{80DFF7FA-5725-4010-8882-467924EE4E3F}.Debug|ARM64.ActiveCfg = Debug|iPhoneSimulator
		{80DFF7FA-5725-4010-8882-467924EE4E3F}.Debug|iPhone.ActiveCfg = Debug|iPhoneSimulator
		{80DFF7FA-5725-4010-8882-467924EE4E3F}.Debug|iPhoneSimulator.ActiveCfg = Debug|iPhoneSimulator
		{80DFF7FA-5725-4010-8882-467924EE4E3F}.Debug|iPhoneSimulator.Build.0 = Debug|iPhoneSimulator
		{80DFF7FA-5725-4010-8882-467924EE4E3F}.Debug|x64.ActiveCfg = Debug|iPhoneSimulator
		{80DFF7FA-5725-4010-8882-467924EE4E3F}.Debug|x86.ActiveCfg = Debug|iPhoneSimulator
		{80DFF7FA-5725-4010-8882-467924EE4E3F}.Release|Any CPU.ActiveCfg = Release|iPhoneSimulator
		{80DFF7FA-5725-4010-8882-467924EE4E3F}.Release|ARM.ActiveCfg = Release|iPhoneSimulator
		{80DFF7FA-5725-4010-8882-467924EE4E3F}.Release|ARM64.ActiveCfg = Release|iPhoneSimulator
		{80DFF7FA-5725-4010-8882-467924EE4E3F}.Release|iPhone.ActiveCfg = Release|iPhoneSimulator
		{80DFF7FA-5725-4010-8882-467924EE4E3F}.Release|iPhoneSimulator.ActiveCfg = Release|iPhoneSimulator
		{80DFF7FA-5725-4010-8882-467924EE4E3F}.Release|iPhoneSimulator.Build.0 = Release|iPhoneSimulator
		{80DFF7FA-5725-4010-8882-467924EE4E3F}.Release|x64.ActiveCfg = Release|iPhoneSimulator
		{80DFF7FA-5725-4010-8882-467924EE4E3F}.Release|x86.ActiveCfg = Release|iPhoneSimulator
		{1D7636D1-EACB-4945-83D0-D6B365706963}.Ad-Hoc|Any CPU.ActiveCfg = Debug|Any CPU
		{1D7636D1-EACB-4945-83D0-D6B365706963}.Ad-Hoc|Any CPU.Build.0 = Debug|Any CPU
		{1D7636D1-EACB-4945-83D0-D6B365706963}.Ad-Hoc|ARM.ActiveCfg = Debug|Any CPU
		{1D7636D1-EACB-4945-83D0-D6B365706963}.Ad-Hoc|ARM.Build.0 = Debug|Any CPU
		{1D7636D1-EACB-4945-83D0-D6B365706963}.Ad-Hoc|ARM64.ActiveCfg = Debug|Any CPU
		{1D7636D1-EACB-4945-83D0-D6B365706963}.Ad-Hoc|ARM64.Build.0 = Debug|Any CPU
		{1D7636D1-EACB-4945-83D0-D6B365706963}.Ad-Hoc|iPhone.ActiveCfg = Debug|Any CPU
		{1D7636D1-EACB-4945-83D0-D6B365706963}.Ad-Hoc|iPhone.Build.0 = Debug|Any CPU
		{1D7636D1-EACB-4945-83D0-D6B365706963}.Ad-Hoc|iPhoneSimulator.ActiveCfg = Debug|Any CPU
		{1D7636D1-EACB-4945-83D0-D6B365706963}.Ad-Hoc|iPhoneSimulator.Build.0 = Debug|Any CPU
		{1D7636D1-EACB-4945-83D0-D6B365706963}.Ad-Hoc|x64.ActiveCfg = Debug|Any CPU
		{1D7636D1-EACB-4945-83D0-D6B365706963}.Ad-Hoc|x64.Build.0 = Debug|Any CPU
		{1D7636D1-EACB-4945-83D0-D6B365706963}.Ad-Hoc|x86.ActiveCfg = Debug|Any CPU
		{1D7636D1-EACB-4945-83D0-D6B365706963}.Ad-Hoc|x86.Build.0 = Debug|Any CPU
		{1D7636D1-EACB-4945-83D0-D6B365706963}.AppStore|Any CPU.ActiveCfg = Debug|Any CPU
		{1D7636D1-EACB-4945-83D0-D6B365706963}.AppStore|Any CPU.Build.0 = Debug|Any CPU
		{1D7636D1-EACB-4945-83D0-D6B365706963}.AppStore|ARM.ActiveCfg = Debug|Any CPU
		{1D7636D1-EACB-4945-83D0-D6B365706963}.AppStore|ARM.Build.0 = Debug|Any CPU
		{1D7636D1-EACB-4945-83D0-D6B365706963}.AppStore|ARM64.ActiveCfg = Debug|Any CPU
		{1D7636D1-EACB-4945-83D0-D6B365706963}.AppStore|ARM64.Build.0 = Debug|Any CPU
		{1D7636D1-EACB-4945-83D0-D6B365706963}.AppStore|iPhone.ActiveCfg = Debug|Any CPU
		{1D7636D1-EACB-4945-83D0-D6B365706963}.AppStore|iPhone.Build.0 = Debug|Any CPU
		{1D7636D1-EACB-4945-83D0-D6B365706963}.AppStore|iPhoneSimulator.ActiveCfg = Debug|Any CPU
		{1D7636D1-EACB-4945-83D0-D6B365706963}.AppStore|iPhoneSimulator.Build.0 = Debug|Any CPU
		{1D7636D1-EACB-4945-83D0-D6B365706963}.AppStore|x64.ActiveCfg = Debug|Any CPU
		{1D7636D1-EACB-4945-83D0-D6B365706963}.AppStore|x64.Build.0 = Debug|Any CPU
		{1D7636D1-EACB-4945-83D0-D6B365706963}.AppStore|x86.ActiveCfg = Debug|Any CPU
		{1D7636D1-EACB-4945-83D0-D6B365706963}.AppStore|x86.Build.0 = Debug|Any CPU
		{1D7636D1-EACB-4945-83D0-D6B365706963}.Debug|Any CPU.ActiveCfg = Debug|Any CPU
		{1D7636D1-EACB-4945-83D0-D6B365706963}.Debug|Any CPU.Build.0 = Debug|Any CPU
		{1D7636D1-EACB-4945-83D0-D6B365706963}.Debug|ARM.ActiveCfg = Debug|Any CPU
		{1D7636D1-EACB-4945-83D0-D6B365706963}.Debug|ARM.Build.0 = Debug|Any CPU
		{1D7636D1-EACB-4945-83D0-D6B365706963}.Debug|ARM64.ActiveCfg = Debug|Any CPU
		{1D7636D1-EACB-4945-83D0-D6B365706963}.Debug|ARM64.Build.0 = Debug|Any CPU
		{1D7636D1-EACB-4945-83D0-D6B365706963}.Debug|iPhone.ActiveCfg = Debug|Any CPU
		{1D7636D1-EACB-4945-83D0-D6B365706963}.Debug|iPhone.Build.0 = Debug|Any CPU
		{1D7636D1-EACB-4945-83D0-D6B365706963}.Debug|iPhoneSimulator.ActiveCfg = Debug|Any CPU
		{1D7636D1-EACB-4945-83D0-D6B365706963}.Debug|iPhoneSimulator.Build.0 = Debug|Any CPU
		{1D7636D1-EACB-4945-83D0-D6B365706963}.Debug|x64.ActiveCfg = Debug|Any CPU
		{1D7636D1-EACB-4945-83D0-D6B365706963}.Debug|x64.Build.0 = Debug|Any CPU
		{1D7636D1-EACB-4945-83D0-D6B365706963}.Debug|x86.ActiveCfg = Debug|Any CPU
		{1D7636D1-EACB-4945-83D0-D6B365706963}.Debug|x86.Build.0 = Debug|Any CPU
		{1D7636D1-EACB-4945-83D0-D6B365706963}.Release|Any CPU.ActiveCfg = Release|Any CPU
		{1D7636D1-EACB-4945-83D0-D6B365706963}.Release|Any CPU.Build.0 = Release|Any CPU
		{1D7636D1-EACB-4945-83D0-D6B365706963}.Release|ARM.ActiveCfg = Release|Any CPU
		{1D7636D1-EACB-4945-83D0-D6B365706963}.Release|ARM.Build.0 = Release|Any CPU
		{1D7636D1-EACB-4945-83D0-D6B365706963}.Release|ARM64.ActiveCfg = Release|Any CPU
		{1D7636D1-EACB-4945-83D0-D6B365706963}.Release|ARM64.Build.0 = Release|Any CPU
		{1D7636D1-EACB-4945-83D0-D6B365706963}.Release|iPhone.ActiveCfg = Release|Any CPU
		{1D7636D1-EACB-4945-83D0-D6B365706963}.Release|iPhone.Build.0 = Release|Any CPU
		{1D7636D1-EACB-4945-83D0-D6B365706963}.Release|iPhoneSimulator.ActiveCfg = Release|Any CPU
		{1D7636D1-EACB-4945-83D0-D6B365706963}.Release|iPhoneSimulator.Build.0 = Release|Any CPU
		{1D7636D1-EACB-4945-83D0-D6B365706963}.Release|x64.ActiveCfg = Release|Any CPU
		{1D7636D1-EACB-4945-83D0-D6B365706963}.Release|x64.Build.0 = Release|Any CPU
		{1D7636D1-EACB-4945-83D0-D6B365706963}.Release|x86.ActiveCfg = Release|Any CPU
		{1D7636D1-EACB-4945-83D0-D6B365706963}.Release|x86.Build.0 = Release|Any CPU
		{5A6ED98F-9AC8-40D4-8125-26F9BE411EA6}.Ad-Hoc|Any CPU.ActiveCfg = Debug|Any CPU
		{5A6ED98F-9AC8-40D4-8125-26F9BE411EA6}.Ad-Hoc|Any CPU.Build.0 = Debug|Any CPU
		{5A6ED98F-9AC8-40D4-8125-26F9BE411EA6}.Ad-Hoc|ARM.ActiveCfg = Debug|Any CPU
		{5A6ED98F-9AC8-40D4-8125-26F9BE411EA6}.Ad-Hoc|ARM.Build.0 = Debug|Any CPU
		{5A6ED98F-9AC8-40D4-8125-26F9BE411EA6}.Ad-Hoc|ARM64.ActiveCfg = Debug|Any CPU
		{5A6ED98F-9AC8-40D4-8125-26F9BE411EA6}.Ad-Hoc|ARM64.Build.0 = Debug|Any CPU
		{5A6ED98F-9AC8-40D4-8125-26F9BE411EA6}.Ad-Hoc|iPhone.ActiveCfg = Debug|Any CPU
		{5A6ED98F-9AC8-40D4-8125-26F9BE411EA6}.Ad-Hoc|iPhone.Build.0 = Debug|Any CPU
		{5A6ED98F-9AC8-40D4-8125-26F9BE411EA6}.Ad-Hoc|iPhoneSimulator.ActiveCfg = Debug|Any CPU
		{5A6ED98F-9AC8-40D4-8125-26F9BE411EA6}.Ad-Hoc|iPhoneSimulator.Build.0 = Debug|Any CPU
		{5A6ED98F-9AC8-40D4-8125-26F9BE411EA6}.Ad-Hoc|x64.ActiveCfg = Debug|Any CPU
		{5A6ED98F-9AC8-40D4-8125-26F9BE411EA6}.Ad-Hoc|x64.Build.0 = Debug|Any CPU
		{5A6ED98F-9AC8-40D4-8125-26F9BE411EA6}.Ad-Hoc|x86.ActiveCfg = Debug|Any CPU
		{5A6ED98F-9AC8-40D4-8125-26F9BE411EA6}.Ad-Hoc|x86.Build.0 = Debug|Any CPU
		{5A6ED98F-9AC8-40D4-8125-26F9BE411EA6}.AppStore|Any CPU.ActiveCfg = Debug|Any CPU
		{5A6ED98F-9AC8-40D4-8125-26F9BE411EA6}.AppStore|Any CPU.Build.0 = Debug|Any CPU
		{5A6ED98F-9AC8-40D4-8125-26F9BE411EA6}.AppStore|ARM.ActiveCfg = Debug|Any CPU
		{5A6ED98F-9AC8-40D4-8125-26F9BE411EA6}.AppStore|ARM.Build.0 = Debug|Any CPU
		{5A6ED98F-9AC8-40D4-8125-26F9BE411EA6}.AppStore|ARM64.ActiveCfg = Debug|Any CPU
		{5A6ED98F-9AC8-40D4-8125-26F9BE411EA6}.AppStore|ARM64.Build.0 = Debug|Any CPU
		{5A6ED98F-9AC8-40D4-8125-26F9BE411EA6}.AppStore|iPhone.ActiveCfg = Debug|Any CPU
		{5A6ED98F-9AC8-40D4-8125-26F9BE411EA6}.AppStore|iPhone.Build.0 = Debug|Any CPU
		{5A6ED98F-9AC8-40D4-8125-26F9BE411EA6}.AppStore|iPhoneSimulator.ActiveCfg = Debug|Any CPU
		{5A6ED98F-9AC8-40D4-8125-26F9BE411EA6}.AppStore|iPhoneSimulator.Build.0 = Debug|Any CPU
		{5A6ED98F-9AC8-40D4-8125-26F9BE411EA6}.AppStore|x64.ActiveCfg = Debug|Any CPU
		{5A6ED98F-9AC8-40D4-8125-26F9BE411EA6}.AppStore|x64.Build.0 = Debug|Any CPU
		{5A6ED98F-9AC8-40D4-8125-26F9BE411EA6}.AppStore|x86.ActiveCfg = Debug|Any CPU
		{5A6ED98F-9AC8-40D4-8125-26F9BE411EA6}.AppStore|x86.Build.0 = Debug|Any CPU
		{5A6ED98F-9AC8-40D4-8125-26F9BE411EA6}.Debug|Any CPU.ActiveCfg = Debug|Any CPU
		{5A6ED98F-9AC8-40D4-8125-26F9BE411EA6}.Debug|Any CPU.Build.0 = Debug|Any CPU
		{5A6ED98F-9AC8-40D4-8125-26F9BE411EA6}.Debug|ARM.ActiveCfg = Debug|Any CPU
		{5A6ED98F-9AC8-40D4-8125-26F9BE411EA6}.Debug|ARM.Build.0 = Debug|Any CPU
		{5A6ED98F-9AC8-40D4-8125-26F9BE411EA6}.Debug|ARM64.ActiveCfg = Debug|Any CPU
		{5A6ED98F-9AC8-40D4-8125-26F9BE411EA6}.Debug|ARM64.Build.0 = Debug|Any CPU
		{5A6ED98F-9AC8-40D4-8125-26F9BE411EA6}.Debug|iPhone.ActiveCfg = Debug|Any CPU
		{5A6ED98F-9AC8-40D4-8125-26F9BE411EA6}.Debug|iPhone.Build.0 = Debug|Any CPU
		{5A6ED98F-9AC8-40D4-8125-26F9BE411EA6}.Debug|iPhoneSimulator.ActiveCfg = Debug|Any CPU
		{5A6ED98F-9AC8-40D4-8125-26F9BE411EA6}.Debug|iPhoneSimulator.Build.0 = Debug|Any CPU
		{5A6ED98F-9AC8-40D4-8125-26F9BE411EA6}.Debug|x64.ActiveCfg = Debug|Any CPU
		{5A6ED98F-9AC8-40D4-8125-26F9BE411EA6}.Debug|x64.Build.0 = Debug|Any CPU
		{5A6ED98F-9AC8-40D4-8125-26F9BE411EA6}.Debug|x86.ActiveCfg = Debug|Any CPU
		{5A6ED98F-9AC8-40D4-8125-26F9BE411EA6}.Debug|x86.Build.0 = Debug|Any CPU
		{5A6ED98F-9AC8-40D4-8125-26F9BE411EA6}.Release|Any CPU.ActiveCfg = Release|Any CPU
		{5A6ED98F-9AC8-40D4-8125-26F9BE411EA6}.Release|Any CPU.Build.0 = Release|Any CPU
		{5A6ED98F-9AC8-40D4-8125-26F9BE411EA6}.Release|ARM.ActiveCfg = Release|Any CPU
		{5A6ED98F-9AC8-40D4-8125-26F9BE411EA6}.Release|ARM.Build.0 = Release|Any CPU
		{5A6ED98F-9AC8-40D4-8125-26F9BE411EA6}.Release|ARM64.ActiveCfg = Release|Any CPU
		{5A6ED98F-9AC8-40D4-8125-26F9BE411EA6}.Release|ARM64.Build.0 = Release|Any CPU
		{5A6ED98F-9AC8-40D4-8125-26F9BE411EA6}.Release|iPhone.ActiveCfg = Release|Any CPU
		{5A6ED98F-9AC8-40D4-8125-26F9BE411EA6}.Release|iPhone.Build.0 = Release|Any CPU
		{5A6ED98F-9AC8-40D4-8125-26F9BE411EA6}.Release|iPhoneSimulator.ActiveCfg = Release|Any CPU
		{5A6ED98F-9AC8-40D4-8125-26F9BE411EA6}.Release|iPhoneSimulator.Build.0 = Release|Any CPU
		{5A6ED98F-9AC8-40D4-8125-26F9BE411EA6}.Release|x64.ActiveCfg = Release|Any CPU
		{5A6ED98F-9AC8-40D4-8125-26F9BE411EA6}.Release|x64.Build.0 = Release|Any CPU
		{5A6ED98F-9AC8-40D4-8125-26F9BE411EA6}.Release|x86.ActiveCfg = Release|Any CPU
		{5A6ED98F-9AC8-40D4-8125-26F9BE411EA6}.Release|x86.Build.0 = Release|Any CPU
		{62569B50-8A5F-4ACB-9638-D8012578BD8F}.Ad-Hoc|Any CPU.ActiveCfg = Debug|Any CPU
		{62569B50-8A5F-4ACB-9638-D8012578BD8F}.Ad-Hoc|Any CPU.Build.0 = Debug|Any CPU
		{62569B50-8A5F-4ACB-9638-D8012578BD8F}.Ad-Hoc|ARM.ActiveCfg = Debug|Any CPU
		{62569B50-8A5F-4ACB-9638-D8012578BD8F}.Ad-Hoc|ARM.Build.0 = Debug|Any CPU
		{62569B50-8A5F-4ACB-9638-D8012578BD8F}.Ad-Hoc|ARM64.ActiveCfg = Debug|Any CPU
		{62569B50-8A5F-4ACB-9638-D8012578BD8F}.Ad-Hoc|ARM64.Build.0 = Debug|Any CPU
		{62569B50-8A5F-4ACB-9638-D8012578BD8F}.Ad-Hoc|iPhone.ActiveCfg = Debug|Any CPU
		{62569B50-8A5F-4ACB-9638-D8012578BD8F}.Ad-Hoc|iPhone.Build.0 = Debug|Any CPU
		{62569B50-8A5F-4ACB-9638-D8012578BD8F}.Ad-Hoc|iPhoneSimulator.ActiveCfg = Debug|Any CPU
		{62569B50-8A5F-4ACB-9638-D8012578BD8F}.Ad-Hoc|iPhoneSimulator.Build.0 = Debug|Any CPU
		{62569B50-8A5F-4ACB-9638-D8012578BD8F}.Ad-Hoc|x64.ActiveCfg = Debug|Any CPU
		{62569B50-8A5F-4ACB-9638-D8012578BD8F}.Ad-Hoc|x64.Build.0 = Debug|Any CPU
		{62569B50-8A5F-4ACB-9638-D8012578BD8F}.Ad-Hoc|x86.ActiveCfg = Debug|Any CPU
		{62569B50-8A5F-4ACB-9638-D8012578BD8F}.Ad-Hoc|x86.Build.0 = Debug|Any CPU
		{62569B50-8A5F-4ACB-9638-D8012578BD8F}.AppStore|Any CPU.ActiveCfg = Debug|Any CPU
		{62569B50-8A5F-4ACB-9638-D8012578BD8F}.AppStore|Any CPU.Build.0 = Debug|Any CPU
		{62569B50-8A5F-4ACB-9638-D8012578BD8F}.AppStore|ARM.ActiveCfg = Debug|Any CPU
		{62569B50-8A5F-4ACB-9638-D8012578BD8F}.AppStore|ARM.Build.0 = Debug|Any CPU
		{62569B50-8A5F-4ACB-9638-D8012578BD8F}.AppStore|ARM64.ActiveCfg = Debug|Any CPU
		{62569B50-8A5F-4ACB-9638-D8012578BD8F}.AppStore|ARM64.Build.0 = Debug|Any CPU
		{62569B50-8A5F-4ACB-9638-D8012578BD8F}.AppStore|iPhone.ActiveCfg = Debug|Any CPU
		{62569B50-8A5F-4ACB-9638-D8012578BD8F}.AppStore|iPhone.Build.0 = Debug|Any CPU
		{62569B50-8A5F-4ACB-9638-D8012578BD8F}.AppStore|iPhoneSimulator.ActiveCfg = Debug|Any CPU
		{62569B50-8A5F-4ACB-9638-D8012578BD8F}.AppStore|iPhoneSimulator.Build.0 = Debug|Any CPU
		{62569B50-8A5F-4ACB-9638-D8012578BD8F}.AppStore|x64.ActiveCfg = Debug|Any CPU
		{62569B50-8A5F-4ACB-9638-D8012578BD8F}.AppStore|x64.Build.0 = Debug|Any CPU
		{62569B50-8A5F-4ACB-9638-D8012578BD8F}.AppStore|x86.ActiveCfg = Debug|Any CPU
		{62569B50-8A5F-4ACB-9638-D8012578BD8F}.AppStore|x86.Build.0 = Debug|Any CPU
		{62569B50-8A5F-4ACB-9638-D8012578BD8F}.Debug|Any CPU.ActiveCfg = Debug|Any CPU
		{62569B50-8A5F-4ACB-9638-D8012578BD8F}.Debug|Any CPU.Build.0 = Debug|Any CPU
		{62569B50-8A5F-4ACB-9638-D8012578BD8F}.Debug|ARM.ActiveCfg = Debug|Any CPU
		{62569B50-8A5F-4ACB-9638-D8012578BD8F}.Debug|ARM.Build.0 = Debug|Any CPU
		{62569B50-8A5F-4ACB-9638-D8012578BD8F}.Debug|ARM64.ActiveCfg = Debug|Any CPU
		{62569B50-8A5F-4ACB-9638-D8012578BD8F}.Debug|ARM64.Build.0 = Debug|Any CPU
		{62569B50-8A5F-4ACB-9638-D8012578BD8F}.Debug|iPhone.ActiveCfg = Debug|Any CPU
		{62569B50-8A5F-4ACB-9638-D8012578BD8F}.Debug|iPhone.Build.0 = Debug|Any CPU
		{62569B50-8A5F-4ACB-9638-D8012578BD8F}.Debug|iPhoneSimulator.ActiveCfg = Debug|Any CPU
		{62569B50-8A5F-4ACB-9638-D8012578BD8F}.Debug|iPhoneSimulator.Build.0 = Debug|Any CPU
		{62569B50-8A5F-4ACB-9638-D8012578BD8F}.Debug|x64.ActiveCfg = Debug|Any CPU
		{62569B50-8A5F-4ACB-9638-D8012578BD8F}.Debug|x64.Build.0 = Debug|Any CPU
		{62569B50-8A5F-4ACB-9638-D8012578BD8F}.Debug|x86.ActiveCfg = Debug|Any CPU
		{62569B50-8A5F-4ACB-9638-D8012578BD8F}.Debug|x86.Build.0 = Debug|Any CPU
		{62569B50-8A5F-4ACB-9638-D8012578BD8F}.Release|Any CPU.ActiveCfg = Release|Any CPU
		{62569B50-8A5F-4ACB-9638-D8012578BD8F}.Release|Any CPU.Build.0 = Release|Any CPU
		{62569B50-8A5F-4ACB-9638-D8012578BD8F}.Release|ARM.ActiveCfg = Release|Any CPU
		{62569B50-8A5F-4ACB-9638-D8012578BD8F}.Release|ARM.Build.0 = Release|Any CPU
		{62569B50-8A5F-4ACB-9638-D8012578BD8F}.Release|ARM64.ActiveCfg = Release|Any CPU
		{62569B50-8A5F-4ACB-9638-D8012578BD8F}.Release|ARM64.Build.0 = Release|Any CPU
		{62569B50-8A5F-4ACB-9638-D8012578BD8F}.Release|iPhone.ActiveCfg = Release|Any CPU
		{62569B50-8A5F-4ACB-9638-D8012578BD8F}.Release|iPhone.Build.0 = Release|Any CPU
		{62569B50-8A5F-4ACB-9638-D8012578BD8F}.Release|iPhoneSimulator.ActiveCfg = Release|Any CPU
		{62569B50-8A5F-4ACB-9638-D8012578BD8F}.Release|iPhoneSimulator.Build.0 = Release|Any CPU
		{62569B50-8A5F-4ACB-9638-D8012578BD8F}.Release|x64.ActiveCfg = Release|Any CPU
		{62569B50-8A5F-4ACB-9638-D8012578BD8F}.Release|x64.Build.0 = Release|Any CPU
		{62569B50-8A5F-4ACB-9638-D8012578BD8F}.Release|x86.ActiveCfg = Release|Any CPU
		{62569B50-8A5F-4ACB-9638-D8012578BD8F}.Release|x86.Build.0 = Release|Any CPU
		{AD2867E8-2286-436B-AAAA-D8D7A188B2A5}.Ad-Hoc|Any CPU.ActiveCfg = Debug|Any CPU
		{AD2867E8-2286-436B-AAAA-D8D7A188B2A5}.Ad-Hoc|Any CPU.Build.0 = Debug|Any CPU
		{AD2867E8-2286-436B-AAAA-D8D7A188B2A5}.Ad-Hoc|ARM.ActiveCfg = Debug|Any CPU
		{AD2867E8-2286-436B-AAAA-D8D7A188B2A5}.Ad-Hoc|ARM.Build.0 = Debug|Any CPU
		{AD2867E8-2286-436B-AAAA-D8D7A188B2A5}.Ad-Hoc|ARM64.ActiveCfg = Debug|Any CPU
		{AD2867E8-2286-436B-AAAA-D8D7A188B2A5}.Ad-Hoc|ARM64.Build.0 = Debug|Any CPU
		{AD2867E8-2286-436B-AAAA-D8D7A188B2A5}.Ad-Hoc|iPhone.ActiveCfg = Debug|Any CPU
		{AD2867E8-2286-436B-AAAA-D8D7A188B2A5}.Ad-Hoc|iPhone.Build.0 = Debug|Any CPU
		{AD2867E8-2286-436B-AAAA-D8D7A188B2A5}.Ad-Hoc|iPhoneSimulator.ActiveCfg = Debug|Any CPU
		{AD2867E8-2286-436B-AAAA-D8D7A188B2A5}.Ad-Hoc|iPhoneSimulator.Build.0 = Debug|Any CPU
		{AD2867E8-2286-436B-AAAA-D8D7A188B2A5}.Ad-Hoc|x64.ActiveCfg = Debug|Any CPU
		{AD2867E8-2286-436B-AAAA-D8D7A188B2A5}.Ad-Hoc|x64.Build.0 = Debug|Any CPU
		{AD2867E8-2286-436B-AAAA-D8D7A188B2A5}.Ad-Hoc|x86.ActiveCfg = Debug|Any CPU
		{AD2867E8-2286-436B-AAAA-D8D7A188B2A5}.Ad-Hoc|x86.Build.0 = Debug|Any CPU
		{AD2867E8-2286-436B-AAAA-D8D7A188B2A5}.AppStore|Any CPU.ActiveCfg = Debug|Any CPU
		{AD2867E8-2286-436B-AAAA-D8D7A188B2A5}.AppStore|Any CPU.Build.0 = Debug|Any CPU
		{AD2867E8-2286-436B-AAAA-D8D7A188B2A5}.AppStore|ARM.ActiveCfg = Debug|Any CPU
		{AD2867E8-2286-436B-AAAA-D8D7A188B2A5}.AppStore|ARM.Build.0 = Debug|Any CPU
		{AD2867E8-2286-436B-AAAA-D8D7A188B2A5}.AppStore|ARM64.ActiveCfg = Debug|Any CPU
		{AD2867E8-2286-436B-AAAA-D8D7A188B2A5}.AppStore|ARM64.Build.0 = Debug|Any CPU
		{AD2867E8-2286-436B-AAAA-D8D7A188B2A5}.AppStore|iPhone.ActiveCfg = Debug|Any CPU
		{AD2867E8-2286-436B-AAAA-D8D7A188B2A5}.AppStore|iPhone.Build.0 = Debug|Any CPU
		{AD2867E8-2286-436B-AAAA-D8D7A188B2A5}.AppStore|iPhoneSimulator.ActiveCfg = Debug|Any CPU
		{AD2867E8-2286-436B-AAAA-D8D7A188B2A5}.AppStore|iPhoneSimulator.Build.0 = Debug|Any CPU
		{AD2867E8-2286-436B-AAAA-D8D7A188B2A5}.AppStore|x64.ActiveCfg = Debug|Any CPU
		{AD2867E8-2286-436B-AAAA-D8D7A188B2A5}.AppStore|x64.Build.0 = Debug|Any CPU
		{AD2867E8-2286-436B-AAAA-D8D7A188B2A5}.AppStore|x86.ActiveCfg = Debug|Any CPU
		{AD2867E8-2286-436B-AAAA-D8D7A188B2A5}.AppStore|x86.Build.0 = Debug|Any CPU
		{AD2867E8-2286-436B-AAAA-D8D7A188B2A5}.Debug|Any CPU.ActiveCfg = Debug|Any CPU
		{AD2867E8-2286-436B-AAAA-D8D7A188B2A5}.Debug|Any CPU.Build.0 = Debug|Any CPU
		{AD2867E8-2286-436B-AAAA-D8D7A188B2A5}.Debug|ARM.ActiveCfg = Debug|Any CPU
		{AD2867E8-2286-436B-AAAA-D8D7A188B2A5}.Debug|ARM.Build.0 = Debug|Any CPU
		{AD2867E8-2286-436B-AAAA-D8D7A188B2A5}.Debug|ARM64.ActiveCfg = Debug|Any CPU
		{AD2867E8-2286-436B-AAAA-D8D7A188B2A5}.Debug|ARM64.Build.0 = Debug|Any CPU
		{AD2867E8-2286-436B-AAAA-D8D7A188B2A5}.Debug|iPhone.ActiveCfg = Debug|Any CPU
		{AD2867E8-2286-436B-AAAA-D8D7A188B2A5}.Debug|iPhone.Build.0 = Debug|Any CPU
		{AD2867E8-2286-436B-AAAA-D8D7A188B2A5}.Debug|iPhoneSimulator.ActiveCfg = Debug|Any CPU
		{AD2867E8-2286-436B-AAAA-D8D7A188B2A5}.Debug|iPhoneSimulator.Build.0 = Debug|Any CPU
		{AD2867E8-2286-436B-AAAA-D8D7A188B2A5}.Debug|x64.ActiveCfg = Debug|Any CPU
		{AD2867E8-2286-436B-AAAA-D8D7A188B2A5}.Debug|x64.Build.0 = Debug|Any CPU
		{AD2867E8-2286-436B-AAAA-D8D7A188B2A5}.Debug|x86.ActiveCfg = Debug|Any CPU
		{AD2867E8-2286-436B-AAAA-D8D7A188B2A5}.Debug|x86.Build.0 = Debug|Any CPU
		{AD2867E8-2286-436B-AAAA-D8D7A188B2A5}.Release|Any CPU.ActiveCfg = Release|Any CPU
		{AD2867E8-2286-436B-AAAA-D8D7A188B2A5}.Release|Any CPU.Build.0 = Release|Any CPU
		{AD2867E8-2286-436B-AAAA-D8D7A188B2A5}.Release|ARM.ActiveCfg = Release|Any CPU
		{AD2867E8-2286-436B-AAAA-D8D7A188B2A5}.Release|ARM.Build.0 = Release|Any CPU
		{AD2867E8-2286-436B-AAAA-D8D7A188B2A5}.Release|ARM64.ActiveCfg = Release|Any CPU
		{AD2867E8-2286-436B-AAAA-D8D7A188B2A5}.Release|ARM64.Build.0 = Release|Any CPU
		{AD2867E8-2286-436B-AAAA-D8D7A188B2A5}.Release|iPhone.ActiveCfg = Release|Any CPU
		{AD2867E8-2286-436B-AAAA-D8D7A188B2A5}.Release|iPhone.Build.0 = Release|Any CPU
		{AD2867E8-2286-436B-AAAA-D8D7A188B2A5}.Release|iPhoneSimulator.ActiveCfg = Release|Any CPU
		{AD2867E8-2286-436B-AAAA-D8D7A188B2A5}.Release|iPhoneSimulator.Build.0 = Release|Any CPU
		{AD2867E8-2286-436B-AAAA-D8D7A188B2A5}.Release|x64.ActiveCfg = Release|Any CPU
		{AD2867E8-2286-436B-AAAA-D8D7A188B2A5}.Release|x64.Build.0 = Release|Any CPU
		{AD2867E8-2286-436B-AAAA-D8D7A188B2A5}.Release|x86.ActiveCfg = Release|Any CPU
		{AD2867E8-2286-436B-AAAA-D8D7A188B2A5}.Release|x86.Build.0 = Release|Any CPU
		{E33E5DAE-5B77-4A51-BB8F-1A9888BD3145}.Ad-Hoc|Any CPU.ActiveCfg = Debug|Any CPU
		{E33E5DAE-5B77-4A51-BB8F-1A9888BD3145}.Ad-Hoc|Any CPU.Build.0 = Debug|Any CPU
		{E33E5DAE-5B77-4A51-BB8F-1A9888BD3145}.Ad-Hoc|ARM.ActiveCfg = Debug|Any CPU
		{E33E5DAE-5B77-4A51-BB8F-1A9888BD3145}.Ad-Hoc|ARM.Build.0 = Debug|Any CPU
		{E33E5DAE-5B77-4A51-BB8F-1A9888BD3145}.Ad-Hoc|ARM64.ActiveCfg = Debug|Any CPU
		{E33E5DAE-5B77-4A51-BB8F-1A9888BD3145}.Ad-Hoc|ARM64.Build.0 = Debug|Any CPU
		{E33E5DAE-5B77-4A51-BB8F-1A9888BD3145}.Ad-Hoc|iPhone.ActiveCfg = Debug|Any CPU
		{E33E5DAE-5B77-4A51-BB8F-1A9888BD3145}.Ad-Hoc|iPhone.Build.0 = Debug|Any CPU
		{E33E5DAE-5B77-4A51-BB8F-1A9888BD3145}.Ad-Hoc|iPhoneSimulator.ActiveCfg = Debug|Any CPU
		{E33E5DAE-5B77-4A51-BB8F-1A9888BD3145}.Ad-Hoc|iPhoneSimulator.Build.0 = Debug|Any CPU
		{E33E5DAE-5B77-4A51-BB8F-1A9888BD3145}.Ad-Hoc|x64.ActiveCfg = Debug|Any CPU
		{E33E5DAE-5B77-4A51-BB8F-1A9888BD3145}.Ad-Hoc|x64.Build.0 = Debug|Any CPU
		{E33E5DAE-5B77-4A51-BB8F-1A9888BD3145}.Ad-Hoc|x86.ActiveCfg = Debug|Any CPU
		{E33E5DAE-5B77-4A51-BB8F-1A9888BD3145}.Ad-Hoc|x86.Build.0 = Debug|Any CPU
		{E33E5DAE-5B77-4A51-BB8F-1A9888BD3145}.AppStore|Any CPU.ActiveCfg = Debug|Any CPU
		{E33E5DAE-5B77-4A51-BB8F-1A9888BD3145}.AppStore|Any CPU.Build.0 = Debug|Any CPU
		{E33E5DAE-5B77-4A51-BB8F-1A9888BD3145}.AppStore|ARM.ActiveCfg = Debug|Any CPU
		{E33E5DAE-5B77-4A51-BB8F-1A9888BD3145}.AppStore|ARM.Build.0 = Debug|Any CPU
		{E33E5DAE-5B77-4A51-BB8F-1A9888BD3145}.AppStore|ARM64.ActiveCfg = Debug|Any CPU
		{E33E5DAE-5B77-4A51-BB8F-1A9888BD3145}.AppStore|ARM64.Build.0 = Debug|Any CPU
		{E33E5DAE-5B77-4A51-BB8F-1A9888BD3145}.AppStore|iPhone.ActiveCfg = Debug|Any CPU
		{E33E5DAE-5B77-4A51-BB8F-1A9888BD3145}.AppStore|iPhone.Build.0 = Debug|Any CPU
		{E33E5DAE-5B77-4A51-BB8F-1A9888BD3145}.AppStore|iPhoneSimulator.ActiveCfg = Debug|Any CPU
		{E33E5DAE-5B77-4A51-BB8F-1A9888BD3145}.AppStore|iPhoneSimulator.Build.0 = Debug|Any CPU
		{E33E5DAE-5B77-4A51-BB8F-1A9888BD3145}.AppStore|x64.ActiveCfg = Debug|Any CPU
		{E33E5DAE-5B77-4A51-BB8F-1A9888BD3145}.AppStore|x64.Build.0 = Debug|Any CPU
		{E33E5DAE-5B77-4A51-BB8F-1A9888BD3145}.AppStore|x86.ActiveCfg = Debug|Any CPU
		{E33E5DAE-5B77-4A51-BB8F-1A9888BD3145}.AppStore|x86.Build.0 = Debug|Any CPU
		{E33E5DAE-5B77-4A51-BB8F-1A9888BD3145}.Debug|Any CPU.ActiveCfg = Debug|Any CPU
		{E33E5DAE-5B77-4A51-BB8F-1A9888BD3145}.Debug|Any CPU.Build.0 = Debug|Any CPU
		{E33E5DAE-5B77-4A51-BB8F-1A9888BD3145}.Debug|ARM.ActiveCfg = Debug|Any CPU
		{E33E5DAE-5B77-4A51-BB8F-1A9888BD3145}.Debug|ARM.Build.0 = Debug|Any CPU
		{E33E5DAE-5B77-4A51-BB8F-1A9888BD3145}.Debug|ARM64.ActiveCfg = Debug|Any CPU
		{E33E5DAE-5B77-4A51-BB8F-1A9888BD3145}.Debug|ARM64.Build.0 = Debug|Any CPU
		{E33E5DAE-5B77-4A51-BB8F-1A9888BD3145}.Debug|iPhone.ActiveCfg = Debug|Any CPU
		{E33E5DAE-5B77-4A51-BB8F-1A9888BD3145}.Debug|iPhone.Build.0 = Debug|Any CPU
		{E33E5DAE-5B77-4A51-BB8F-1A9888BD3145}.Debug|iPhoneSimulator.ActiveCfg = Debug|Any CPU
		{E33E5DAE-5B77-4A51-BB8F-1A9888BD3145}.Debug|iPhoneSimulator.Build.0 = Debug|Any CPU
		{E33E5DAE-5B77-4A51-BB8F-1A9888BD3145}.Debug|x64.ActiveCfg = Debug|Any CPU
		{E33E5DAE-5B77-4A51-BB8F-1A9888BD3145}.Debug|x64.Build.0 = Debug|Any CPU
		{E33E5DAE-5B77-4A51-BB8F-1A9888BD3145}.Debug|x86.ActiveCfg = Debug|Any CPU
		{E33E5DAE-5B77-4A51-BB8F-1A9888BD3145}.Debug|x86.Build.0 = Debug|Any CPU
		{E33E5DAE-5B77-4A51-BB8F-1A9888BD3145}.Release|Any CPU.ActiveCfg = Release|Any CPU
		{E33E5DAE-5B77-4A51-BB8F-1A9888BD3145}.Release|Any CPU.Build.0 = Release|Any CPU
		{E33E5DAE-5B77-4A51-BB8F-1A9888BD3145}.Release|ARM.ActiveCfg = Release|Any CPU
		{E33E5DAE-5B77-4A51-BB8F-1A9888BD3145}.Release|ARM.Build.0 = Release|Any CPU
		{E33E5DAE-5B77-4A51-BB8F-1A9888BD3145}.Release|ARM64.ActiveCfg = Release|Any CPU
		{E33E5DAE-5B77-4A51-BB8F-1A9888BD3145}.Release|ARM64.Build.0 = Release|Any CPU
		{E33E5DAE-5B77-4A51-BB8F-1A9888BD3145}.Release|iPhone.ActiveCfg = Release|Any CPU
		{E33E5DAE-5B77-4A51-BB8F-1A9888BD3145}.Release|iPhone.Build.0 = Release|Any CPU
		{E33E5DAE-5B77-4A51-BB8F-1A9888BD3145}.Release|iPhoneSimulator.ActiveCfg = Release|Any CPU
		{E33E5DAE-5B77-4A51-BB8F-1A9888BD3145}.Release|iPhoneSimulator.Build.0 = Release|Any CPU
		{E33E5DAE-5B77-4A51-BB8F-1A9888BD3145}.Release|x64.ActiveCfg = Release|Any CPU
		{E33E5DAE-5B77-4A51-BB8F-1A9888BD3145}.Release|x64.Build.0 = Release|Any CPU
		{E33E5DAE-5B77-4A51-BB8F-1A9888BD3145}.Release|x86.ActiveCfg = Release|Any CPU
		{E33E5DAE-5B77-4A51-BB8F-1A9888BD3145}.Release|x86.Build.0 = Release|Any CPU
	EndGlobalSection
	GlobalSection(SolutionProperties) = preSolution
		HideSolutionNode = FALSE
	EndGlobalSection
	GlobalSection(NestedProjects) = preSolution
		{0BA70550-AEB3-46E0-9550-CA99D2E3DE32} = {1C7120D4-8B6C-49C1-BD3A-03D64D99B527}
		{09073DF8-87BF-47F9-8230-98387379BB87} = {1C7120D4-8B6C-49C1-BD3A-03D64D99B527}
		{EC9FAF21-319A-48E4-A147-BF8C405CF7D6} = {1C7120D4-8B6C-49C1-BD3A-03D64D99B527}
		{182FA1EA-6C82-472E-8552-727CA5B2117E} = {1C7120D4-8B6C-49C1-BD3A-03D64D99B527}
		{80DFF7FA-5725-4010-8882-467924EE4E3F} = {1C7120D4-8B6C-49C1-BD3A-03D64D99B527}
		{1D7636D1-EACB-4945-83D0-D6B365706963} = {1C7120D4-8B6C-49C1-BD3A-03D64D99B527}
		{5A6ED98F-9AC8-40D4-8125-26F9BE411EA6} = {1C7120D4-8B6C-49C1-BD3A-03D64D99B527}
		{62569B50-8A5F-4ACB-9638-D8012578BD8F} = {1C7120D4-8B6C-49C1-BD3A-03D64D99B527}
		{AD2867E8-2286-436B-AAAA-D8D7A188B2A5} = {1C7120D4-8B6C-49C1-BD3A-03D64D99B527}
	EndGlobalSection
	GlobalSection(ExtensibilityGlobals) = postSolution
		SolutionGuid = {62B29B82-349C-42D5-AC34-F2CD06026B4A}
	EndGlobalSection
EndGlobal
